// !$*UTF8*$!
{
	archiveVersion = 1;
	classes = {
	};
	objectVersion = 46;
	objects = {

/* Begin PBXBuildFile section */
		551284D4165883E300565326 /* UIKit.framework in Frameworks */ = {isa = PBXBuildFile; fileRef = 551284D3165883E300565326 /* UIKit.framework */; };
		551284D6165883E300565326 /* Foundation.framework in Frameworks */ = {isa = PBXBuildFile; fileRef = 551284D5165883E300565326 /* Foundation.framework */; };
		551284D8165883E300565326 /* CoreGraphics.framework in Frameworks */ = {isa = PBXBuildFile; fileRef = 551284D7165883E300565326 /* CoreGraphics.framework */; };
		551284DE165883E300565326 /* InfoPlist.strings in Resources */ = {isa = PBXBuildFile; fileRef = 551284DC165883E300565326 /* InfoPlist.strings */; };
		551284E0165883E300565326 /* main.m in Sources */ = {isa = PBXBuildFile; fileRef = 551284DF165883E300565326 /* main.m */; };
		551284E4165883E300565326 /* AppDelegate.m in Sources */ = {isa = PBXBuildFile; fileRef = 551284E3165883E300565326 /* AppDelegate.m */; };
		551284E6165883E300565326 /* Default.png in Resources */ = {isa = PBXBuildFile; fileRef = 551284E5165883E300565326 /* Default.png */; };
		551284E8165883E300565326 /* Default@2x.png in Resources */ = {isa = PBXBuildFile; fileRef = 551284E7165883E300565326 /* Default@2x.png */; };
		551284EA165883E400565326 /* Default-568h@2x.png in Resources */ = {isa = PBXBuildFile; fileRef = 551284E9165883E300565326 /* Default-568h@2x.png */; };
		551284ED165883E400565326 /* ViewController.m in Sources */ = {isa = PBXBuildFile; fileRef = 551284EC165883E400565326 /* ViewController.m */; };
		551284F0165883E400565326 /* ViewController.xib in Resources */ = {isa = PBXBuildFile; fileRef = 551284EE165883E400565326 /* ViewController.xib */; };
/* End PBXBuildFile section */

/* Begin PBXFileReference section */
		551284D0165883E300565326 /* AleksanderWorld.app */ = {isa = PBXFileReference; explicitFileType = wrapper.application; includeInIndex = 0; path = AleksanderWorld.app; sourceTree = BUILT_PRODUCTS_DIR; };
		551284D3165883E300565326 /* UIKit.framework */ = {isa = PBXFileReference; lastKnownFileType = wrapper.framework; name = UIKit.framework; path = System/Library/Frameworks/UIKit.framework; sourceTree = SDKROOT; };
		551284D5165883E300565326 /* Foundation.framework */ = {isa = PBXFileReference; lastKnownFileType = wrapper.framework; name = Foundation.framework; path = System/Library/Frameworks/Foundation.framework; sourceTree = SDKROOT; };
		551284D7165883E300565326 /* CoreGraphics.framework */ = {isa = PBXFileReference; lastKnownFileType = wrapper.framework; name = CoreGraphics.framework; path = System/Library/Frameworks/CoreGraphics.framework; sourceTree = SDKROOT; };
		551284DB165883E300565326 /* AleksanderWorld-Info.plist */ = {isa = PBXFileReference; lastKnownFileType = text.plist.xml; path = "AleksanderWorld-Info.plist"; sourceTree = "<group>"; };
		551284DD165883E300565326 /* en */ = {isa = PBXFileReference; lastKnownFileType = text.plist.strings; name = en; path = en.lproj/InfoPlist.strings; sourceTree = "<group>"; };
		551284DF165883E300565326 /* main.m */ = {isa = PBXFileReference; lastKnownFileType = sourcecode.c.objc; path = main.m; sourceTree = "<group>"; };
		551284E1165883E300565326 /* AleksanderWorld-Prefix.pch */ = {isa = PBXFileReference; lastKnownFileType = sourcecode.c.h; path = "AleksanderWorld-Prefix.pch"; sourceTree = "<group>"; };
		551284E2165883E300565326 /* AppDelegate.h */ = {isa = PBXFileReference; lastKnownFileType = sourcecode.c.h; path = AppDelegate.h; sourceTree = "<group>"; };
		551284E3165883E300565326 /* AppDelegate.m */ = {isa = PBXFileReference; lastKnownFileType = sourcecode.c.objc; path = AppDelegate.m; sourceTree = "<group>"; };
		551284E5165883E300565326 /* Default.png */ = {isa = PBXFileReference; lastKnownFileType = image.png; path = Default.png; sourceTree = "<group>"; };
		551284E7165883E300565326 /* Default@2x.png */ = {isa = PBXFileReference; lastKnownFileType = image.png; path = "Default@2x.png"; sourceTree = "<group>"; };
		551284E9165883E300565326 /* Default-568h@2x.png */ = {isa = PBXFileReference; lastKnownFileType = image.png; path = "Default-568h@2x.png"; sourceTree = "<group>"; };
		551284EB165883E400565326 /* ViewController.h */ = {isa = PBXFileReference; lastKnownFileType = sourcecode.c.h; path = ViewController.h; sourceTree = "<group>"; };
		551284EC165883E400565326 /* ViewController.m */ = {isa = PBXFileReference; lastKnownFileType = sourcecode.c.objc; path = ViewController.m; sourceTree = "<group>"; };
		551284EF165883E400565326 /* en */ = {isa = PBXFileReference; lastKnownFileType = file.xib; name = en; path = en.lproj/ViewController.xib; sourceTree = "<group>"; };
/* End PBXFileReference section */

/* Begin PBXFrameworksBuildPhase section */
		551284CD165883E300565326 /* Frameworks */ = {
			isa = PBXFrameworksBuildPhase;
			buildActionMask = 2147483647;
			files = (
				551284D4165883E300565326 /* UIKit.framework in Frameworks */,
				551284D6165883E300565326 /* Foundation.framework in Frameworks */,
				551284D8165883E300565326 /* CoreGraphics.framework in Frameworks */,
			);
			runOnlyForDeploymentPostprocessing = 0;
		};
/* End PBXFrameworksBuildPhase section */

/* Begin PBXGroup section */
		551284C7165883E300565326 = {
			isa = PBXGroup;
			children = (
				551284D9165883E300565326 /* AleksanderWorld */,
				551284D2165883E300565326 /* Frameworks */,
				551284D1165883E300565326 /* Products */,
			);
			sourceTree = "<group>";
		};
		551284D1165883E300565326 /* Products */ = {
			isa = PBXGroup;
			children = (
				551284D0165883E300565326 /* AleksanderWorld.app */,
			);
			name = Products;
			sourceTree = "<group>";
		};
		551284D2165883E300565326 /* Frameworks */ = {
			isa = PBXGroup;
			children = (
				551284D3165883E300565326 /* UIKit.framework */,
				551284D5165883E300565326 /* Foundation.framework */,
				551284D7165883E300565326 /* CoreGraphics.framework */,
			);
			name = Frameworks;
			sourceTree = "<group>";
		};
		551284D9165883E300565326 /* AleksanderWorld */ = {
			isa = PBXGroup;
			children = (
				551284E2165883E300565326 /* AppDelegate.h */,
				551284E3165883E300565326 /* AppDelegate.m */,
				551284EB165883E400565326 /* ViewController.h */,
				551284EC165883E400565326 /* ViewController.m */,
				551284EE165883E400565326 /* ViewController.xib */,
				551284DA165883E300565326 /* Supporting Files */,
			);
			path = AleksanderWorld;
			sourceTree = "<group>";
		};
		551284DA165883E300565326 /* Supporting Files */ = {
			isa = PBXGroup;
			children = (
				551284DB165883E300565326 /* AleksanderWorld-Info.plist */,
				551284DC165883E300565326 /* InfoPlist.strings */,
				551284DF165883E300565326 /* main.m */,
				551284E1165883E300565326 /* AleksanderWorld-Prefix.pch */,
				551284E5165883E300565326 /* Default.png */,
				551284E7165883E300565326 /* Default@2x.png */,
				551284E9165883E300565326 /* Default-568h@2x.png */,
			);
			name = "Supporting Files";
			sourceTree = "<group>";
		};
/* End PBXGroup section */

/* Begin PBXNativeTarget section */
		551284CF165883E300565326 /* AleksanderWorld */ = {
			isa = PBXNativeTarget;
			buildConfigurationList = 551284F3165883E400565326 /* Build configuration list for PBXNativeTarget "AleksanderWorld" */;
			buildPhases = (
				551284CC165883E300565326 /* Sources */,
				551284CD165883E300565326 /* Frameworks */,
				551284CE165883E300565326 /* Resources */,
			);
			buildRules = (
			);
			dependencies = (
			);
			name = AleksanderWorld;
			productName = AleksanderWorld;
			productReference = 551284D0165883E300565326 /* AleksanderWorld.app */;
			productType = "com.apple.product-type.application";
		};
/* End PBXNativeTarget section */

/* Begin PBXProject section */
		551284C8165883E300565326 /* Project object */ = {
			isa = PBXProject;
			attributes = {
				LastUpgradeCheck = 0460;
				ORGANIZATIONNAME = "ClearStoneGroup LLC";
			};
			buildConfigurationList = 551284CB165883E300565326 /* Build configuration list for PBXProject "AleksanderWorld" */;
			compatibilityVersion = "Xcode 3.2";
			developmentRegion = English;
			hasScannedForEncodings = 0;
			knownRegions = (
				en,
			);
			mainGroup = 551284C7165883E300565326;
			productRefGroup = 551284D1165883E300565326 /* Products */;
			projectDirPath = "";
			projectRoot = "";
			targets = (
				551284CF165883E300565326 /* AleksanderWorld */,
			);
		};
/* End PBXProject section */

/* Begin PBXResourcesBuildPhase section */
		551284CE165883E300565326 /* Resources */ = {
			isa = PBXResourcesBuildPhase;
			buildActionMask = 2147483647;
			files = (
				551284DE165883E300565326 /* InfoPlist.strings in Resources */,
				551284E6165883E300565326 /* Default.png in Resources */,
				551284E8165883E300565326 /* Default@2x.png in Resources */,
				551284EA165883E400565326 /* Default-568h@2x.png in Resources */,
				551284F0165883E400565326 /* ViewController.xib in Resources */,
			);
			runOnlyForDeploymentPostprocessing = 0;
		};
/* End PBXResourcesBuildPhase section */

/* Begin PBXSourcesBuildPhase section */
		551284CC165883E300565326 /* Sources */ = {
			isa = PBXSourcesBuildPhase;
			buildActionMask = 2147483647;
			files = (
				551284E0165883E300565326 /* main.m in Sources */,
				551284E4165883E300565326 /* AppDelegate.m in Sources */,
				551284ED165883E400565326 /* ViewController.m in Sources */,
			);
			runOnlyForDeploymentPostprocessing = 0;
		};
/* End PBXSourcesBuildPhase section */

/* Begin PBXVariantGroup section */
		551284DC165883E300565326 /* InfoPlist.strings */ = {
			isa = PBXVariantGroup;
			children = (
				551284DD165883E300565326 /* en */,
			);
			name = InfoPlist.strings;
			sourceTree = "<group>";
		};
		551284EE165883E400565326 /* ViewController.xib */ = {
			isa = PBXVariantGroup;
			children = (
				551284EF165883E400565326 /* en */,
			);
			name = ViewController.xib;
			sourceTree = "<group>";
		};
/* End PBXVariantGroup section */

/* Begin XCBuildConfiguration section */
		551284F1165883E400565326 /* Debug */ = {
			isa = XCBuildConfiguration;
			buildSettings = {
				ALWAYS_SEARCH_USER_PATHS = NO;
				CLANG_CXX_LANGUAGE_STANDARD = "gnu++0x";
				CLANG_CXX_LIBRARY = "libc++";
				CLANG_ENABLE_OBJC_ARC = YES;
				CLANG_WARN_CONSTANT_CONVERSION = YES;
				CLANG_WARN_DEPRECATED_OBJC_IMPLEMENTATIONS = YES;
				CLANG_WARN_EMPTY_BODY = YES;
				CLANG_WARN_INT_CONVERSION = YES;
				CLANG_WARN__DUPLICATE_METHOD_MATCH = YES;
				"CODE_SIGN_IDENTITY[sdk=iphoneos*]" = "iPhone Developer";
				COPY_PHASE_STRIP = NO;
				GCC_C_LANGUAGE_STANDARD = gnu99;
				GCC_DYNAMIC_NO_PIC = NO;
				GCC_OPTIMIZATION_LEVEL = 0;
				GCC_PREPROCESSOR_DEFINITIONS = (
					"DEBUG=1",
					"$(inherited)",
				);
				GCC_SYMBOLS_PRIVATE_EXTERN = NO;
				GCC_WARN_ABOUT_RETURN_TYPE = YES;
				GCC_WARN_UNINITIALIZED_AUTOS = YES;
				GCC_WARN_UNUSED_VARIABLE = YES;
				IPHONEOS_DEPLOYMENT_TARGET = 6.1;
				ONLY_ACTIVE_ARCH = YES;
				SDKROOT = iphoneos;
				TARGETED_DEVICE_FAMILY = 2;
			};
			name = Debug;
		};
		551284F2165883E400565326 /* Release */ = {
			isa = XCBuildConfiguration;
			buildSettings = {
				ALWAYS_SEARCH_USER_PATHS = NO;
				CLANG_CXX_LANGUAGE_STANDARD = "gnu++0x";
				CLANG_CXX_LIBRARY = "libc++";
				CLANG_ENABLE_OBJC_ARC = YES;
				CLANG_WARN_CONSTANT_CONVERSION = YES;
				CLANG_WARN_DEPRECATED_OBJC_IMPLEMENTATIONS = YES;
				CLANG_WARN_EMPTY_BODY = YES;
				CLANG_WARN_INT_CONVERSION = YES;
				CLANG_WARN__DUPLICATE_METHOD_MATCH = YES;
				"CODE_SIGN_IDENTITY[sdk=iphoneos*]" = "iPhone Developer";
				COPY_PHASE_STRIP = YES;
				GCC_C_LANGUAGE_STANDARD = gnu99;
				GCC_WARN_ABOUT_RETURN_TYPE = YES;
				GCC_WARN_UNINITIALIZED_AUTOS = YES;
				GCC_WARN_UNUSED_VARIABLE = YES;
				IPHONEOS_DEPLOYMENT_TARGET = 6.1;
				OTHER_CFLAGS = "-DNS_BLOCK_ASSERTIONS=1";
				SDKROOT = iphoneos;
				TARGETED_DEVICE_FAMILY = 2;
				VALIDATE_PRODUCT = YES;
			};
			name = Release;
		};
		551284F4165883E400565326 /* Debug */ = {
			isa = XCBuildConfiguration;
			buildSettings = {
				GCC_PRECOMPILE_PREFIX_HEADER = YES;
				GCC_PREFIX_HEADER = "AleksanderWorld/AleksanderWorld-Prefix.pch";
				INFOPLIST_FILE = "AleksanderWorld/AleksanderWorld-Info.plist";
				PRODUCT_NAME = "$(TARGET_NAME)";
				WRAPPER_EXTENSION = app;
			};
			name = Debug;
		};
		551284F5165883E400565326 /* Release */ = {
			isa = XCBuildConfiguration;
			buildSettings = {
				GCC_PRECOMPILE_PREFIX_HEADER = YES;
				GCC_PREFIX_HEADER = "AleksanderWorld/AleksanderWorld-Prefix.pch";
				INFOPLIST_FILE = "AleksanderWorld/AleksanderWorld-Info.plist";
				PRODUCT_NAME = "$(TARGET_NAME)";
				WRAPPER_EXTENSION = app;
			};
			name = Release;
		};
/* End XCBuildConfiguration section */

/* Begin XCConfigurationList section */
		551284CB165883E300565326 /* Build configuration list for PBXProject "AleksanderWorld" */ = {
			isa = XCConfigurationList;
			buildConfigurations = (
				551284F1165883E400565326 /* Debug */,
				551284F2165883E400565326 /* Release */,
			);
			defaultConfigurationIsVisible = 0;
			defaultConfigurationName = Release;
		};
		551284F3165883E400565326 /* Build configuration list for PBXNativeTarget "AleksanderWorld" */ = {
			isa = XCConfigurationList;
			buildConfigurations = (
				551284F4165883E400565326 /* Debug */,
				551284F5165883E400565326 /* Release */,
			);
			defaultConfigurationIsVisible = 0;
		};
/* End XCConfigurationList section */
	};
	rootObject = 551284C8165883E300565326 /* Project object */;
}
