// !$*UTF8*$!
{
	archiveVersion = 1;
	classes = {
	};
	objectVersion = 46;
	objects = {

/* Begin PBXBuildFile section */
		F41053B414DE0093006F9683 /* UIKit.framework in Frameworks */ = {isa = PBXBuildFile; fileRef = F41053B314DE0093006F9683 /* UIKit.framework */; };
		F41053B614DE0093006F9683 /* Foundation.framework in Frameworks */ = {isa = PBXBuildFile; fileRef = F41053B514DE0093006F9683 /* Foundation.framework */; };
		F41053B814DE0093006F9683 /* CoreGraphics.framework in Frameworks */ = {isa = PBXBuildFile; fileRef = F41053B714DE0093006F9683 /* CoreGraphics.framework */; };
		F41053BE14DE0093006F9683 /* InfoPlist.strings in Resources */ = {isa = PBXBuildFile; fileRef = F41053BC14DE0093006F9683 /* InfoPlist.strings */; };
		F41053C014DE0093006F9683 /* main.m in Sources */ = {isa = PBXBuildFile; fileRef = F41053BF14DE0093006F9683 /* main.m */; };
		F41053C414DE0093006F9683 /* AppDelegate.m in Sources */ = {isa = PBXBuildFile; fileRef = F41053C314DE0093006F9683 /* AppDelegate.m */; };
		F41053C714DE0093006F9683 /* ViewController.m in Sources */ = {isa = PBXBuildFile; fileRef = F41053C614DE0093006F9683 /* ViewController.m */; };
		F41053CA14DE0093006F9683 /* ViewController.xib in Resources */ = {isa = PBXBuildFile; fileRef = F41053C814DE0093006F9683 /* ViewController.xib */; };
		F455896014DE2A9D001D617D /* cellimage.png in Resources */ = {isa = PBXBuildFile; fileRef = F455895F14DE2A9D001D617D /* cellimage.png */; };
		F47B342014DE23BC0075C3F4 /* courses_web.plist in Resources */ = {isa = PBXBuildFile; fileRef = F47B341F14DE23BC0075C3F4 /* courses_web.plist */; };
		F4F6731714DE0B03000180B5 /* Courses.plist in Resources */ = {isa = PBXBuildFile; fileRef = F4F6731614DE0B03000180B5 /* Courses.plist */; };
/* End PBXBuildFile section */

/* Begin PBXFileReference section */
		F41053AF14DE0093006F9683 /* TableExample.app */ = {isa = PBXFileReference; explicitFileType = wrapper.application; includeInIndex = 0; path = TableExample.app; sourceTree = BUILT_PRODUCTS_DIR; };
		F41053B314DE0093006F9683 /* UIKit.framework */ = {isa = PBXFileReference; lastKnownFileType = wrapper.framework; name = UIKit.framework; path = System/Library/Frameworks/UIKit.framework; sourceTree = SDKROOT; };
		F41053B514DE0093006F9683 /* Foundation.framework */ = {isa = PBXFileReference; lastKnownFileType = wrapper.framework; name = Foundation.framework; path = System/Library/Frameworks/Foundation.framework; sourceTree = SDKROOT; };
		F41053B714DE0093006F9683 /* CoreGraphics.framework */ = {isa = PBXFileReference; lastKnownFileType = wrapper.framework; name = CoreGraphics.framework; path = System/Library/Frameworks/CoreGraphics.framework; sourceTree = SDKROOT; };
		F41053BB14DE0093006F9683 /* TableExample-Info.plist */ = {isa = PBXFileReference; lastKnownFileType = text.plist.xml; path = "TableExample-Info.plist"; sourceTree = "<group>"; };
		F41053BD14DE0093006F9683 /* en */ = {isa = PBXFileReference; lastKnownFileType = text.plist.strings; name = en; path = en.lproj/InfoPlist.strings; sourceTree = "<group>"; };
		F41053BF14DE0093006F9683 /* main.m */ = {isa = PBXFileReference; lastKnownFileType = sourcecode.c.objc; path = main.m; sourceTree = "<group>"; };
		F41053C114DE0093006F9683 /* TableExample-Prefix.pch */ = {isa = PBXFileReference; lastKnownFileType = sourcecode.c.h; path = "TableExample-Prefix.pch"; sourceTree = "<group>"; };
		F41053C214DE0093006F9683 /* AppDelegate.h */ = {isa = PBXFileReference; lastKnownFileType = sourcecode.c.h; path = AppDelegate.h; sourceTree = "<group>"; };
		F41053C314DE0093006F9683 /* AppDelegate.m */ = {isa = PBXFileReference; lastKnownFileType = sourcecode.c.objc; path = AppDelegate.m; sourceTree = "<group>"; };
		F41053C514DE0093006F9683 /* ViewController.h */ = {isa = PBXFileReference; lastKnownFileType = sourcecode.c.h; path = ViewController.h; sourceTree = "<group>"; };
		F41053C614DE0093006F9683 /* ViewController.m */ = {isa = PBXFileReference; lastKnownFileType = sourcecode.c.objc; path = ViewController.m; sourceTree = "<group>"; };
		F41053C914DE0093006F9683 /* en */ = {isa = PBXFileReference; lastKnownFileType = file.xib; name = en; path = en.lproj/ViewController.xib; sourceTree = "<group>"; };
		F455895F14DE2A9D001D617D /* cellimage.png */ = {isa = PBXFileReference; lastKnownFileType = image.png; path = cellimage.png; sourceTree = "<group>"; };
		F47B341F14DE23BC0075C3F4 /* courses_web.plist */ = {isa = PBXFileReference; fileEncoding = 4; lastKnownFileType = text.plist.xml; path = courses_web.plist; sourceTree = "<group>"; };
		F4F6731614DE0B03000180B5 /* Courses.plist */ = {isa = PBXFileReference; fileEncoding = 4; lastKnownFileType = text.plist.xml; path = Courses.plist; sourceTree = "<group>"; };
/* End PBXFileReference section */

/* Begin PBXFrameworksBuildPhase section */
		F41053AC14DE0093006F9683 /* Frameworks */ = {
			isa = PBXFrameworksBuildPhase;
			buildActionMask = 2147483647;
			files = (
				F41053B414DE0093006F9683 /* UIKit.framework in Frameworks */,
				F41053B614DE0093006F9683 /* Foundation.framework in Frameworks */,
				F41053B814DE0093006F9683 /* CoreGraphics.framework in Frameworks */,
			);
			runOnlyForDeploymentPostprocessing = 0;
		};
/* End PBXFrameworksBuildPhase section */

/* Begin PBXGroup section */
		F41053A414DE0092006F9683 = {
			isa = PBXGroup;
			children = (
				F41053B914DE0093006F9683 /* TableExample */,
				F41053B214DE0093006F9683 /* Frameworks */,
				F41053B014DE0093006F9683 /* Products */,
			);
			sourceTree = "<group>";
		};
		F41053B014DE0093006F9683 /* Products */ = {
			isa = PBXGroup;
			children = (
				F41053AF14DE0093006F9683 /* TableExample.app */,
			);
			name = Products;
			sourceTree = "<group>";
		};
		F41053B214DE0093006F9683 /* Frameworks */ = {
			isa = PBXGroup;
			children = (
				F41053B314DE0093006F9683 /* UIKit.framework */,
				F41053B514DE0093006F9683 /* Foundation.framework */,
				F41053B714DE0093006F9683 /* CoreGraphics.framework */,
			);
			name = Frameworks;
			sourceTree = "<group>";
		};
		F41053B914DE0093006F9683 /* TableExample */ = {
			isa = PBXGroup;
			children = (
				F41053C214DE0093006F9683 /* AppDelegate.h */,
				F41053C314DE0093006F9683 /* AppDelegate.m */,
				F41053C514DE0093006F9683 /* ViewController.h */,
				F41053C614DE0093006F9683 /* ViewController.m */,
				F41053C814DE0093006F9683 /* ViewController.xib */,
				F41053BA14DE0093006F9683 /* Supporting Files */,
			);
			path = TableExample;
			sourceTree = "<group>";
		};
		F41053BA14DE0093006F9683 /* Supporting Files */ = {
			isa = PBXGroup;
			children = (
				F455895F14DE2A9D001D617D /* cellimage.png */,
				F47B341F14DE23BC0075C3F4 /* courses_web.plist */,
				F41053BB14DE0093006F9683 /* TableExample-Info.plist */,
				F41053BC14DE0093006F9683 /* InfoPlist.strings */,
				F41053BF14DE0093006F9683 /* main.m */,
				F41053C114DE0093006F9683 /* TableExample-Prefix.pch */,
				F4F6731614DE0B03000180B5 /* Courses.plist */,
			);
			name = "Supporting Files";
			sourceTree = "<group>";
		};
/* End PBXGroup section */

/* Begin PBXNativeTarget section */
		F41053AE14DE0093006F9683 /* TableExample */ = {
			isa = PBXNativeTarget;
			buildConfigurationList = F41053CD14DE0093006F9683 /* Build configuration list for PBXNativeTarget "TableExample" */;
			buildPhases = (
				F41053AB14DE0093006F9683 /* Sources */,
				F41053AC14DE0093006F9683 /* Frameworks */,
				F41053AD14DE0093006F9683 /* Resources */,
			);
			buildRules = (
			);
			dependencies = (
			);
			name = TableExample;
			productName = TableExample;
			productReference = F41053AF14DE0093006F9683 /* TableExample.app */;
			productType = "com.apple.product-type.application";
		};
/* End PBXNativeTarget section */

/* Begin PBXProject section */
		F41053A614DE0093006F9683 /* Project object */ = {
			isa = PBXProject;
			attributes = {
				LastUpgradeCheck = 0420;
			};
			buildConfigurationList = F41053A914DE0093006F9683 /* Build configuration list for PBXProject "TableExample" */;
			compatibilityVersion = "Xcode 3.2";
			developmentRegion = English;
			hasScannedForEncodings = 0;
			knownRegions = (
				en,
			);
			mainGroup = F41053A414DE0092006F9683;
			productRefGroup = F41053B014DE0093006F9683 /* Products */;
			projectDirPath = "";
			projectRoot = "";
			targets = (
				F41053AE14DE0093006F9683 /* TableExample */,
			);
		};
/* End PBXProject section */

/* Begin PBXResourcesBuildPhase section */
		F41053AD14DE0093006F9683 /* Resources */ = {
			isa = PBXResourcesBuildPhase;
			buildActionMask = 2147483647;
			files = (
				F41053BE14DE0093006F9683 /* InfoPlist.strings in Resources */,
				F41053CA14DE0093006F9683 /* ViewController.xib in Resources */,
				F4F6731714DE0B03000180B5 /* Courses.plist in Resources */,
				F47B342014DE23BC0075C3F4 /* courses_web.plist in Resources */,
				F455896014DE2A9D001D617D /* cellimage.png in Resources */,
			);
			runOnlyForDeploymentPostprocessing = 0;
		};
/* End PBXResourcesBuildPhase section */

/* Begin PBXSourcesBuildPhase section */
		F41053AB14DE0093006F9683 /* Sources */ = {
			isa = PBXSourcesBuildPhase;
			buildActionMask = 2147483647;
			files = (
				F41053C014DE0093006F9683 /* main.m in Sources */,
				F41053C414DE0093006F9683 /* AppDelegate.m in Sources */,
				F41053C714DE0093006F9683 /* ViewController.m in Sources */,
			);
			runOnlyForDeploymentPostprocessing = 0;
		};
/* End PBXSourcesBuildPhase section */

/* Begin PBXVariantGroup section */
		F41053BC14DE0093006F9683 /* InfoPlist.strings */ = {
			isa = PBXVariantGroup;
			children = (
				F41053BD14DE0093006F9683 /* en */,
			);
			name = InfoPlist.strings;
			sourceTree = "<group>";
		};
		F41053C814DE0093006F9683 /* ViewController.xib */ = {
			isa = PBXVariantGroup;
			children = (
				F41053C914DE0093006F9683 /* en */,
			);
			name = ViewController.xib;
			sourceTree = "<group>";
		};
/* End PBXVariantGroup section */

/* Begin XCBuildConfiguration section */
		F41053CB14DE0093006F9683 /* Debug */ = {
			isa = XCBuildConfiguration;
			buildSettings = {
				ALWAYS_SEARCH_USER_PATHS = NO;
				ARCHS = "$(ARCHS_STANDARD_32_BIT)";
				CLANG_ENABLE_OBJC_ARC = YES;
				"CODE_SIGN_IDENTITY[sdk=iphoneos*]" = "iPhone Developer";
				COPY_PHASE_STRIP = NO;
				GCC_C_LANGUAGE_STANDARD = gnu99;
				GCC_DYNAMIC_NO_PIC = NO;
				GCC_OPTIMIZATION_LEVEL = 0;
				GCC_PREPROCESSOR_DEFINITIONS = (
					"DEBUG=1",
					"$(inherited)",
				);
				GCC_SYMBOLS_PRIVATE_EXTERN = NO;
				GCC_VERSION = com.apple.compilers.llvm.clang.1_0;
				GCC_WARN_ABOUT_MISSING_PROTOTYPES = YES;
				GCC_WARN_ABOUT_RETURN_TYPE = YES;
				GCC_WARN_UNUSED_VARIABLE = YES;
				IPHONEOS_DEPLOYMENT_TARGET = 5.0;
				SDKROOT = iphoneos;
			};
			name = Debug;
		};
		F41053CC14DE0093006F9683 /* Release */ = {
			isa = XCBuildConfiguration;
			buildSettings = {
				ALWAYS_SEARCH_USER_PATHS = NO;
				ARCHS = "$(ARCHS_STANDARD_32_BIT)";
				CLANG_ENABLE_OBJC_ARC = YES;
				"CODE_SIGN_IDENTITY[sdk=iphoneos*]" = "iPhone Developer";
				COPY_PHASE_STRIP = YES;
				GCC_C_LANGUAGE_STANDARD = gnu99;
				GCC_VERSION = com.apple.compilers.llvm.clang.1_0;
				GCC_WARN_ABOUT_MISSING_PROTOTYPES = YES;
				GCC_WARN_ABOUT_RETURN_TYPE = YES;
				GCC_WARN_UNUSED_VARIABLE = YES;
				IPHONEOS_DEPLOYMENT_TARGET = 5.0;
				OTHER_CFLAGS = "-DNS_BLOCK_ASSERTIONS=1";
				SDKROOT = iphoneos;
				VALIDATE_PRODUCT = YES;
			};
			name = Release;
		};
		F41053CE14DE0093006F9683 /* Debug */ = {
			isa = XCBuildConfiguration;
			buildSettings = {
				GCC_PRECOMPILE_PREFIX_HEADER = YES;
				GCC_PREFIX_HEADER = "TableExample/TableExample-Prefix.pch";
				INFOPLIST_FILE = "TableExample/TableExample-Info.plist";
				PRODUCT_NAME = "$(TARGET_NAME)";
				WRAPPER_EXTENSION = app;
			};
			name = Debug;
		};
		F41053CF14DE0093006F9683 /* Release */ = {
			isa = XCBuildConfiguration;
			buildSettings = {
				GCC_PRECOMPILE_PREFIX_HEADER = YES;
				GCC_PREFIX_HEADER = "TableExample/TableExample-Prefix.pch";
				INFOPLIST_FILE = "TableExample/TableExample-Info.plist";
				PRODUCT_NAME = "$(TARGET_NAME)";
				WRAPPER_EXTENSION = app;
			};
			name = Release;
		};
/* End XCBuildConfiguration section */

/* Begin XCConfigurationList section */
		F41053A914DE0093006F9683 /* Build configuration list for PBXProject "TableExample" */ = {
			isa = XCConfigurationList;
			buildConfigurations = (
				F41053CB14DE0093006F9683 /* Debug */,
				F41053CC14DE0093006F9683 /* Release */,
			);
			defaultConfigurationIsVisible = 0;
			defaultConfigurationName = Release;
		};
		F41053CD14DE0093006F9683 /* Build configuration list for PBXNativeTarget "TableExample" */ = {
			isa = XCConfigurationList;
			buildConfigurations = (
				F41053CE14DE0093006F9683 /* Debug */,
				F41053CF14DE0093006F9683 /* Release */,
			);
			defaultConfigurationIsVisible = 0;
			defaultConfigurationName = Release;
		};
/* End XCConfigurationList section */
	};
	rootObject = F41053A614DE0093006F9683 /* Project object */;
}
