// !$*UTF8*$!
{
	archiveVersion = 1;
	classes = {
	};
	objectVersion = 46;
	objects = {

/* Begin PBXBuildFile section */
		555BBD0B1658D45D00890D6E /* Foundation.framework in Frameworks */ = {isa = PBXBuildFile; fileRef = 555BBD0A1658D45D00890D6E /* Foundation.framework */; };
		555BBD0E1658D45D00890D6E /* main.m in Sources */ = {isa = PBXBuildFile; fileRef = 555BBD0D1658D45D00890D6E /* main.m */; };
		555BBD121658D45D00890D6E /* outPutCheck.1 in CopyFiles */ = {isa = PBXBuildFile; fileRef = 555BBD111658D45D00890D6E /* outPutCheck.1 */; };
/* End PBXBuildFile section */

/* Begin PBXCopyFilesBuildPhase section */
		555BBD051658D45D00890D6E /* CopyFiles */ = {
			isa = PBXCopyFilesBuildPhase;
			buildActionMask = 2147483647;
			dstPath = /usr/share/man/man1/;
			dstSubfolderSpec = 0;
			files = (
				555BBD121658D45D00890D6E /* outPutCheck.1 in CopyFiles */,
			);
			runOnlyForDeploymentPostprocessing = 1;
		};
/* End PBXCopyFilesBuildPhase section */

/* Begin PBXFileReference section */
		555BBD071658D45D00890D6E /* outPutCheck */ = {isa = PBXFileReference; explicitFileType = "compiled.mach-o.executable"; includeInIndex = 0; path = outPutCheck; sourceTree = BUILT_PRODUCTS_DIR; };
		555BBD0A1658D45D00890D6E /* Foundation.framework */ = {isa = PBXFileReference; lastKnownFileType = wrapper.framework; name = Foundation.framework; path = System/Library/Frameworks/Foundation.framework; sourceTree = SDKROOT; };
		555BBD0D1658D45D00890D6E /* main.m */ = {isa = PBXFileReference; lastKnownFileType = sourcecode.c.objc; path = main.m; sourceTree = "<group>"; };
		555BBD101658D45D00890D6E /* outPutCheck-Prefix.pch */ = {isa = PBXFileReference; lastKnownFileType = sourcecode.c.h; path = "outPutCheck-Prefix.pch"; sourceTree = "<group>"; };
		555BBD111658D45D00890D6E /* outPutCheck.1 */ = {isa = PBXFileReference; lastKnownFileType = text.man; path = outPutCheck.1; sourceTree = "<group>"; };
/* End PBXFileReference section */

/* Begin PBXFrameworksBuildPhase section */
		555BBD041658D45D00890D6E /* Frameworks */ = {
			isa = PBXFrameworksBuildPhase;
			buildActionMask = 2147483647;
			files = (
				555BBD0B1658D45D00890D6E /* Foundation.framework in Frameworks */,
			);
			runOnlyForDeploymentPostprocessing = 0;
		};
/* End PBXFrameworksBuildPhase section */

/* Begin PBXGroup section */
		555BBCFE1658D45D00890D6E = {
			isa = PBXGroup;
			children = (
				555BBD0C1658D45D00890D6E /* outPutCheck */,
				555BBD091658D45D00890D6E /* Frameworks */,
				555BBD081658D45D00890D6E /* Products */,
			);
			sourceTree = "<group>";
		};
		555BBD081658D45D00890D6E /* Products */ = {
			isa = PBXGroup;
			children = (
				555BBD071658D45D00890D6E /* outPutCheck */,
			);
			name = Products;
			sourceTree = "<group>";
		};
		555BBD091658D45D00890D6E /* Frameworks */ = {
			isa = PBXGroup;
			children = (
				555BBD0A1658D45D00890D6E /* Foundation.framework */,
			);
			name = Frameworks;
			sourceTree = "<group>";
		};
		555BBD0C1658D45D00890D6E /* outPutCheck */ = {
			isa = PBXGroup;
			children = (
				555BBD0D1658D45D00890D6E /* main.m */,
				555BBD111658D45D00890D6E /* outPutCheck.1 */,
				555BBD0F1658D45D00890D6E /* Supporting Files */,
			);
			path = outPutCheck;
			sourceTree = "<group>";
		};
		555BBD0F1658D45D00890D6E /* Supporting Files */ = {
			isa = PBXGroup;
			children = (
				555BBD101658D45D00890D6E /* outPutCheck-Prefix.pch */,
			);
			name = "Supporting Files";
			sourceTree = "<group>";
		};
/* End PBXGroup section */

/* Begin PBXNativeTarget section */
		555BBD061658D45D00890D6E /* outPutCheck */ = {
			isa = PBXNativeTarget;
			buildConfigurationList = 555BBD151658D45D00890D6E /* Build configuration list for PBXNativeTarget "outPutCheck" */;
			buildPhases = (
				555BBD031658D45D00890D6E /* Sources */,
				555BBD041658D45D00890D6E /* Frameworks */,
				555BBD051658D45D00890D6E /* CopyFiles */,
			);
			buildRules = (
			);
			dependencies = (
			);
			name = outPutCheck;
			productName = outPutCheck;
			productReference = 555BBD071658D45D00890D6E /* outPutCheck */;
			productType = "com.apple.product-type.tool";
		};
/* End PBXNativeTarget section */

/* Begin PBXProject section */
		555BBCFF1658D45D00890D6E /* Project object */ = {
			isa = PBXProject;
			attributes = {
				LastUpgradeCheck = 0460;
				ORGANIZATIONNAME = "ClearStoneGroup LLC";
			};
			buildConfigurationList = 555BBD021658D45D00890D6E /* Build configuration list for PBXProject "outPutCheck" */;
			compatibilityVersion = "Xcode 3.2";
			developmentRegion = English;
			hasScannedForEncodings = 0;
			knownRegions = (
				en,
			);
			mainGroup = 555BBCFE1658D45D00890D6E;
			productRefGroup = 555BBD081658D45D00890D6E /* Products */;
			projectDirPath = "";
			projectRoot = "";
			targets = (
				555BBD061658D45D00890D6E /* outPutCheck */,
			);
		};
/* End PBXProject section */

/* Begin PBXSourcesBuildPhase section */
		555BBD031658D45D00890D6E /* Sources */ = {
			isa = PBXSourcesBuildPhase;
			buildActionMask = 2147483647;
			files = (
				555BBD0E1658D45D00890D6E /* main.m in Sources */,
			);
			runOnlyForDeploymentPostprocessing = 0;
		};
/* End PBXSourcesBuildPhase section */

/* Begin XCBuildConfiguration section */
		555BBD131658D45D00890D6E /* Debug */ = {
			isa = XCBuildConfiguration;
			buildSettings = {
				ALWAYS_SEARCH_USER_PATHS = NO;
				ARCHS = "$(ARCHS_STANDARD_64_BIT)";
				CLANG_CXX_LANGUAGE_STANDARD = "gnu++0x";
				CLANG_CXX_LIBRARY = "libc++";
				CLANG_WARN_CONSTANT_CONVERSION = YES;
				CLANG_WARN_DEPRECATED_OBJC_IMPLEMENTATIONS = YES;
				CLANG_WARN_EMPTY_BODY = YES;
				CLANG_WARN_INT_CONVERSION = YES;
				CLANG_WARN__DUPLICATE_METHOD_MATCH = YES;
				COPY_PHASE_STRIP = NO;
				GCC_C_LANGUAGE_STANDARD = gnu99;
				GCC_DYNAMIC_NO_PIC = NO;
				GCC_ENABLE_OBJC_EXCEPTIONS = YES;
				GCC_OPTIMIZATION_LEVEL = 0;
				GCC_PREPROCESSOR_DEFINITIONS = (
					"DEBUG=1",
					"$(inherited)",
				);
				GCC_SYMBOLS_PRIVATE_EXTERN = NO;
				GCC_WARN_64_TO_32_BIT_CONVERSION = YES;
				GCC_WARN_ABOUT_RETURN_TYPE = YES;
				GCC_WARN_UNINITIALIZED_AUTOS = YES;
				GCC_WARN_UNUSED_VARIABLE = YES;
				MACOSX_DEPLOYMENT_TARGET = 10.8;
				ONLY_ACTIVE_ARCH = YES;
				SDKROOT = macosx;
			};
			name = Debug;
		};
		555BBD141658D45D00890D6E /* Release */ = {
			isa = XCBuildConfiguration;
			buildSettings = {
				ALWAYS_SEARCH_USER_PATHS = NO;
				ARCHS = "$(ARCHS_STANDARD_64_BIT)";
				CLANG_CXX_LANGUAGE_STANDARD = "gnu++0x";
				CLANG_CXX_LIBRARY = "libc++";
				CLANG_WARN_CONSTANT_CONVERSION = YES;
				CLANG_WARN_DEPRECATED_OBJC_IMPLEMENTATIONS = YES;
				CLANG_WARN_EMPTY_BODY = YES;
				CLANG_WARN_INT_CONVERSION = YES;
				CLANG_WARN__DUPLICATE_METHOD_MATCH = YES;
				COPY_PHASE_STRIP = YES;
				DEBUG_INFORMATION_FORMAT = "dwarf-with-dsym";
				GCC_C_LANGUAGE_STANDARD = gnu99;
				GCC_ENABLE_OBJC_EXCEPTIONS = YES;
				GCC_WARN_64_TO_32_BIT_CONVERSION = YES;
				GCC_WARN_ABOUT_RETURN_TYPE = YES;
				GCC_WARN_UNINITIALIZED_AUTOS = YES;
				GCC_WARN_UNUSED_VARIABLE = YES;
				MACOSX_DEPLOYMENT_TARGET = 10.8;
				SDKROOT = macosx;
			};
			name = Release;
		};
		555BBD161658D45D00890D6E /* Debug */ = {
			isa = XCBuildConfiguration;
			buildSettings = {
				GCC_PRECOMPILE_PREFIX_HEADER = YES;
				GCC_PREFIX_HEADER = "outPutCheck/outPutCheck-Prefix.pch";
				PRODUCT_NAME = "$(TARGET_NAME)";
			};
			name = Debug;
		};
		555BBD171658D45D00890D6E /* Release */ = {
			isa = XCBuildConfiguration;
			buildSettings = {
				GCC_PRECOMPILE_PREFIX_HEADER = YES;
				GCC_PREFIX_HEADER = "outPutCheck/outPutCheck-Prefix.pch";
				PRODUCT_NAME = "$(TARGET_NAME)";
			};
			name = Release;
		};
/* End XCBuildConfiguration section */

/* Begin XCConfigurationList section */
		555BBD021658D45D00890D6E /* Build configuration list for PBXProject "outPutCheck" */ = {
			isa = XCConfigurationList;
			buildConfigurations = (
				555BBD131658D45D00890D6E /* Debug */,
				555BBD141658D45D00890D6E /* Release */,
			);
			defaultConfigurationIsVisible = 0;
			defaultConfigurationName = Release;
		};
		555BBD151658D45D00890D6E /* Build configuration list for PBXNativeTarget "outPutCheck" */ = {
			isa = XCConfigurationList;
			buildConfigurations = (
				555BBD161658D45D00890D6E /* Debug */,
				555BBD171658D45D00890D6E /* Release */,
			);
			defaultConfigurationIsVisible = 0;
		};
/* End XCConfigurationList section */
	};
	rootObject = 555BBCFF1658D45D00890D6E /* Project object */;
}
