// !$*UTF8*$!
{
	archiveVersion = 1;
	classes = {
	};
	objectVersion = 46;
	objects = {

/* Begin PBXBuildFile section */
		6C5DA90314DDE6940097218A /* UIKit.framework in Frameworks */ = {isa = PBXBuildFile; fileRef = 6C5DA90214DDE6940097218A /* UIKit.framework */; };
		6C5DA90514DDE6940097218A /* Foundation.framework in Frameworks */ = {isa = PBXBuildFile; fileRef = 6C5DA90414DDE6940097218A /* Foundation.framework */; };
		6C5DA90714DDE6940097218A /* CoreGraphics.framework in Frameworks */ = {isa = PBXBuildFile; fileRef = 6C5DA90614DDE6940097218A /* CoreGraphics.framework */; };
		6C5DA90D14DDE6940097218A /* InfoPlist.strings in Resources */ = {isa = PBXBuildFile; fileRef = 6C5DA90B14DDE6940097218A /* InfoPlist.strings */; };
		6C5DA90F14DDE6940097218A /* main.m in Sources */ = {isa = PBXBuildFile; fileRef = 6C5DA90E14DDE6940097218A /* main.m */; };
		6C5DA91314DDE6940097218A /* AppDelegate.m in Sources */ = {isa = PBXBuildFile; fileRef = 6C5DA91214DDE6940097218A /* AppDelegate.m */; };
		6C5DA91614DDE6940097218A /* ViewController.m in Sources */ = {isa = PBXBuildFile; fileRef = 6C5DA91514DDE6940097218A /* ViewController.m */; };
		6C5DA91914DDE6940097218A /* ViewController.xib in Resources */ = {isa = PBXBuildFile; fileRef = 6C5DA91714DDE6940097218A /* ViewController.xib */; };
/* End PBXBuildFile section */

/* Begin PBXFileReference section */
		6C5DA8FE14DDE6940097218A /* PickerControl.app */ = {isa = PBXFileReference; explicitFileType = wrapper.application; includeInIndex = 0; path = PickerControl.app; sourceTree = BUILT_PRODUCTS_DIR; };
		6C5DA90214DDE6940097218A /* UIKit.framework */ = {isa = PBXFileReference; lastKnownFileType = wrapper.framework; name = UIKit.framework; path = System/Library/Frameworks/UIKit.framework; sourceTree = SDKROOT; };
		6C5DA90414DDE6940097218A /* Foundation.framework */ = {isa = PBXFileReference; lastKnownFileType = wrapper.framework; name = Foundation.framework; path = System/Library/Frameworks/Foundation.framework; sourceTree = SDKROOT; };
		6C5DA90614DDE6940097218A /* CoreGraphics.framework */ = {isa = PBXFileReference; lastKnownFileType = wrapper.framework; name = CoreGraphics.framework; path = System/Library/Frameworks/CoreGraphics.framework; sourceTree = SDKROOT; };
		6C5DA90A14DDE6940097218A /* PickerControl-Info.plist */ = {isa = PBXFileReference; lastKnownFileType = text.plist.xml; path = "PickerControl-Info.plist"; sourceTree = "<group>"; };
		6C5DA90C14DDE6940097218A /* en */ = {isa = PBXFileReference; lastKnownFileType = text.plist.strings; name = en; path = en.lproj/InfoPlist.strings; sourceTree = "<group>"; };
		6C5DA90E14DDE6940097218A /* main.m */ = {isa = PBXFileReference; lastKnownFileType = sourcecode.c.objc; path = main.m; sourceTree = "<group>"; };
		6C5DA91014DDE6940097218A /* PickerControl-Prefix.pch */ = {isa = PBXFileReference; lastKnownFileType = sourcecode.c.h; path = "PickerControl-Prefix.pch"; sourceTree = "<group>"; };
		6C5DA91114DDE6940097218A /* AppDelegate.h */ = {isa = PBXFileReference; lastKnownFileType = sourcecode.c.h; path = AppDelegate.h; sourceTree = "<group>"; };
		6C5DA91214DDE6940097218A /* AppDelegate.m */ = {isa = PBXFileReference; lastKnownFileType = sourcecode.c.objc; path = AppDelegate.m; sourceTree = "<group>"; };
		6C5DA91414DDE6940097218A /* ViewController.h */ = {isa = PBXFileReference; lastKnownFileType = sourcecode.c.h; path = ViewController.h; sourceTree = "<group>"; };
		6C5DA91514DDE6940097218A /* ViewController.m */ = {isa = PBXFileReference; lastKnownFileType = sourcecode.c.objc; path = ViewController.m; sourceTree = "<group>"; };
		6C5DA91814DDE6940097218A /* en */ = {isa = PBXFileReference; lastKnownFileType = file.xib; name = en; path = en.lproj/ViewController.xib; sourceTree = "<group>"; };
/* End PBXFileReference section */

/* Begin PBXFrameworksBuildPhase section */
		6C5DA8FB14DDE6940097218A /* Frameworks */ = {
			isa = PBXFrameworksBuildPhase;
			buildActionMask = 2147483647;
			files = (
				6C5DA90314DDE6940097218A /* UIKit.framework in Frameworks */,
				6C5DA90514DDE6940097218A /* Foundation.framework in Frameworks */,
				6C5DA90714DDE6940097218A /* CoreGraphics.framework in Frameworks */,
			);
			runOnlyForDeploymentPostprocessing = 0;
		};
/* End PBXFrameworksBuildPhase section */

/* Begin PBXGroup section */
		6C5DA8F314DDE6940097218A = {
			isa = PBXGroup;
			children = (
				6C5DA90814DDE6940097218A /* PickerControl */,
				6C5DA90114DDE6940097218A /* Frameworks */,
				6C5DA8FF14DDE6940097218A /* Products */,
			);
			sourceTree = "<group>";
		};
		6C5DA8FF14DDE6940097218A /* Products */ = {
			isa = PBXGroup;
			children = (
				6C5DA8FE14DDE6940097218A /* PickerControl.app */,
			);
			name = Products;
			sourceTree = "<group>";
		};
		6C5DA90114DDE6940097218A /* Frameworks */ = {
			isa = PBXGroup;
			children = (
				6C5DA90214DDE6940097218A /* UIKit.framework */,
				6C5DA90414DDE6940097218A /* Foundation.framework */,
				6C5DA90614DDE6940097218A /* CoreGraphics.framework */,
			);
			name = Frameworks;
			sourceTree = "<group>";
		};
		6C5DA90814DDE6940097218A /* PickerControl */ = {
			isa = PBXGroup;
			children = (
				6C5DA91114DDE6940097218A /* AppDelegate.h */,
				6C5DA91214DDE6940097218A /* AppDelegate.m */,
				6C5DA91414DDE6940097218A /* ViewController.h */,
				6C5DA91514DDE6940097218A /* ViewController.m */,
				6C5DA91714DDE6940097218A /* ViewController.xib */,
				6C5DA90914DDE6940097218A /* Supporting Files */,
			);
			path = PickerControl;
			sourceTree = "<group>";
		};
		6C5DA90914DDE6940097218A /* Supporting Files */ = {
			isa = PBXGroup;
			children = (
				6C5DA90A14DDE6940097218A /* PickerControl-Info.plist */,
				6C5DA90B14DDE6940097218A /* InfoPlist.strings */,
				6C5DA90E14DDE6940097218A /* main.m */,
				6C5DA91014DDE6940097218A /* PickerControl-Prefix.pch */,
			);
			name = "Supporting Files";
			sourceTree = "<group>";
		};
/* End PBXGroup section */

/* Begin PBXNativeTarget section */
		6C5DA8FD14DDE6940097218A /* PickerControl */ = {
			isa = PBXNativeTarget;
			buildConfigurationList = 6C5DA91C14DDE6940097218A /* Build configuration list for PBXNativeTarget "PickerControl" */;
			buildPhases = (
				6C5DA8FA14DDE6940097218A /* Sources */,
				6C5DA8FB14DDE6940097218A /* Frameworks */,
				6C5DA8FC14DDE6940097218A /* Resources */,
			);
			buildRules = (
			);
			dependencies = (
			);
			name = PickerControl;
			productName = PickerControl;
			productReference = 6C5DA8FE14DDE6940097218A /* PickerControl.app */;
			productType = "com.apple.product-type.application";
		};
/* End PBXNativeTarget section */

/* Begin PBXProject section */
		6C5DA8F514DDE6940097218A /* Project object */ = {
			isa = PBXProject;
			attributes = {
				LastUpgradeCheck = 0420;
			};
			buildConfigurationList = 6C5DA8F814DDE6940097218A /* Build configuration list for PBXProject "PickerControl" */;
			compatibilityVersion = "Xcode 3.2";
			developmentRegion = English;
			hasScannedForEncodings = 0;
			knownRegions = (
				en,
			);
			mainGroup = 6C5DA8F314DDE6940097218A;
			productRefGroup = 6C5DA8FF14DDE6940097218A /* Products */;
			projectDirPath = "";
			projectRoot = "";
			targets = (
				6C5DA8FD14DDE6940097218A /* PickerControl */,
			);
		};
/* End PBXProject section */

/* Begin PBXResourcesBuildPhase section */
		6C5DA8FC14DDE6940097218A /* Resources */ = {
			isa = PBXResourcesBuildPhase;
			buildActionMask = 2147483647;
			files = (
				6C5DA90D14DDE6940097218A /* InfoPlist.strings in Resources */,
				6C5DA91914DDE6940097218A /* ViewController.xib in Resources */,
			);
			runOnlyForDeploymentPostprocessing = 0;
		};
/* End PBXResourcesBuildPhase section */

/* Begin PBXSourcesBuildPhase section */
		6C5DA8FA14DDE6940097218A /* Sources */ = {
			isa = PBXSourcesBuildPhase;
			buildActionMask = 2147483647;
			files = (
				6C5DA90F14DDE6940097218A /* main.m in Sources */,
				6C5DA91314DDE6940097218A /* AppDelegate.m in Sources */,
				6C5DA91614DDE6940097218A /* ViewController.m in Sources */,
			);
			runOnlyForDeploymentPostprocessing = 0;
		};
/* End PBXSourcesBuildPhase section */

/* Begin PBXVariantGroup section */
		6C5DA90B14DDE6940097218A /* InfoPlist.strings */ = {
			isa = PBXVariantGroup;
			children = (
				6C5DA90C14DDE6940097218A /* en */,
			);
			name = InfoPlist.strings;
			sourceTree = "<group>";
		};
		6C5DA91714DDE6940097218A /* ViewController.xib */ = {
			isa = PBXVariantGroup;
			children = (
				6C5DA91814DDE6940097218A /* en */,
			);
			name = ViewController.xib;
			sourceTree = "<group>";
		};
/* End PBXVariantGroup section */

/* Begin XCBuildConfiguration section */
		6C5DA91A14DDE6940097218A /* Debug */ = {
			isa = XCBuildConfiguration;
			buildSettings = {
				ALWAYS_SEARCH_USER_PATHS = NO;
				ARCHS = "$(ARCHS_STANDARD_32_BIT)";
				CLANG_ENABLE_OBJC_ARC = YES;
				"CODE_SIGN_IDENTITY[sdk=iphoneos*]" = "iPhone Developer";
				COPY_PHASE_STRIP = NO;
				GCC_C_LANGUAGE_STANDARD = gnu99;
				GCC_DYNAMIC_NO_PIC = NO;
				GCC_OPTIMIZATION_LEVEL = 0;
				GCC_PREPROCESSOR_DEFINITIONS = (
					"DEBUG=1",
					"$(inherited)",
				);
				GCC_SYMBOLS_PRIVATE_EXTERN = NO;
				GCC_VERSION = com.apple.compilers.llvm.clang.1_0;
				GCC_WARN_ABOUT_MISSING_PROTOTYPES = YES;
				GCC_WARN_ABOUT_RETURN_TYPE = YES;
				GCC_WARN_UNUSED_VARIABLE = YES;
				IPHONEOS_DEPLOYMENT_TARGET = 5.0;
				SDKROOT = iphoneos;
			};
			name = Debug;
		};
		6C5DA91B14DDE6940097218A /* Release */ = {
			isa = XCBuildConfiguration;
			buildSettings = {
				ALWAYS_SEARCH_USER_PATHS = NO;
				ARCHS = "$(ARCHS_STANDARD_32_BIT)";
				CLANG_ENABLE_OBJC_ARC = YES;
				"CODE_SIGN_IDENTITY[sdk=iphoneos*]" = "iPhone Developer";
				COPY_PHASE_STRIP = YES;
				GCC_C_LANGUAGE_STANDARD = gnu99;
				GCC_VERSION = com.apple.compilers.llvm.clang.1_0;
				GCC_WARN_ABOUT_MISSING_PROTOTYPES = YES;
				GCC_WARN_ABOUT_RETURN_TYPE = YES;
				GCC_WARN_UNUSED_VARIABLE = YES;
				IPHONEOS_DEPLOYMENT_TARGET = 5.0;
				OTHER_CFLAGS = "-DNS_BLOCK_ASSERTIONS=1";
				SDKROOT = iphoneos;
				VALIDATE_PRODUCT = YES;
			};
			name = Release;
		};
		6C5DA91D14DDE6940097218A /* Debug */ = {
			isa = XCBuildConfiguration;
			buildSettings = {
				GCC_PRECOMPILE_PREFIX_HEADER = YES;
				GCC_PREFIX_HEADER = "PickerControl/PickerControl-Prefix.pch";
				INFOPLIST_FILE = "PickerControl/PickerControl-Info.plist";
				PRODUCT_NAME = "$(TARGET_NAME)";
				WRAPPER_EXTENSION = app;
			};
			name = Debug;
		};
		6C5DA91E14DDE6940097218A /* Release */ = {
			isa = XCBuildConfiguration;
			buildSettings = {
				GCC_PRECOMPILE_PREFIX_HEADER = YES;
				GCC_PREFIX_HEADER = "PickerControl/PickerControl-Prefix.pch";
				INFOPLIST_FILE = "PickerControl/PickerControl-Info.plist";
				PRODUCT_NAME = "$(TARGET_NAME)";
				WRAPPER_EXTENSION = app;
			};
			name = Release;
		};
/* End XCBuildConfiguration section */

/* Begin XCConfigurationList section */
		6C5DA8F814DDE6940097218A /* Build configuration list for PBXProject "PickerControl" */ = {
			isa = XCConfigurationList;
			buildConfigurations = (
				6C5DA91A14DDE6940097218A /* Debug */,
				6C5DA91B14DDE6940097218A /* Release */,
			);
			defaultConfigurationIsVisible = 0;
			defaultConfigurationName = Release;
		};
		6C5DA91C14DDE6940097218A /* Build configuration list for PBXNativeTarget "PickerControl" */ = {
			isa = XCConfigurationList;
			buildConfigurations = (
				6C5DA91D14DDE6940097218A /* Debug */,
				6C5DA91E14DDE6940097218A /* Release */,
			);
			defaultConfigurationIsVisible = 0;
		};
/* End XCConfigurationList section */
	};
	rootObject = 6C5DA8F514DDE6940097218A /* Project object */;
}
