// !$*UTF8*$!
{
	archiveVersion = 1;
	classes = {
	};
	objectVersion = 46;
	objects = {

/* Begin PBXBuildFile section */
		6C533A3014DCCDF400BDB2D0 /* UIKit.framework in Frameworks */ = {isa = PBXBuildFile; fileRef = 6C533A2F14DCCDF400BDB2D0 /* UIKit.framework */; };
		6C533A3214DCCDF400BDB2D0 /* Foundation.framework in Frameworks */ = {isa = PBXBuildFile; fileRef = 6C533A3114DCCDF400BDB2D0 /* Foundation.framework */; };
		6C533A3414DCCDF400BDB2D0 /* CoreGraphics.framework in Frameworks */ = {isa = PBXBuildFile; fileRef = 6C533A3314DCCDF400BDB2D0 /* CoreGraphics.framework */; };
		6C533A3A14DCCDF400BDB2D0 /* InfoPlist.strings in Resources */ = {isa = PBXBuildFile; fileRef = 6C533A3814DCCDF400BDB2D0 /* InfoPlist.strings */; };
		6C533A3C14DCCDF400BDB2D0 /* main.m in Sources */ = {isa = PBXBuildFile; fileRef = 6C533A3B14DCCDF400BDB2D0 /* main.m */; };
		6C533A4014DCCDF400BDB2D0 /* AppDelegate.m in Sources */ = {isa = PBXBuildFile; fileRef = 6C533A3F14DCCDF400BDB2D0 /* AppDelegate.m */; };
		6C533A4314DCCDF400BDB2D0 /* ViewController.m in Sources */ = {isa = PBXBuildFile; fileRef = 6C533A4214DCCDF400BDB2D0 /* ViewController.m */; };
		6C533A4614DCCDF400BDB2D0 /* ViewController.xib in Resources */ = {isa = PBXBuildFile; fileRef = 6C533A4414DCCDF400BDB2D0 /* ViewController.xib */; };
/* End PBXBuildFile section */

/* Begin PBXFileReference section */
		6C533A2B14DCCDF400BDB2D0 /* AlertMe.app */ = {isa = PBXFileReference; explicitFileType = wrapper.application; includeInIndex = 0; path = AlertMe.app; sourceTree = BUILT_PRODUCTS_DIR; };
		6C533A2F14DCCDF400BDB2D0 /* UIKit.framework */ = {isa = PBXFileReference; lastKnownFileType = wrapper.framework; name = UIKit.framework; path = System/Library/Frameworks/UIKit.framework; sourceTree = SDKROOT; };
		6C533A3114DCCDF400BDB2D0 /* Foundation.framework */ = {isa = PBXFileReference; lastKnownFileType = wrapper.framework; name = Foundation.framework; path = System/Library/Frameworks/Foundation.framework; sourceTree = SDKROOT; };
		6C533A3314DCCDF400BDB2D0 /* CoreGraphics.framework */ = {isa = PBXFileReference; lastKnownFileType = wrapper.framework; name = CoreGraphics.framework; path = System/Library/Frameworks/CoreGraphics.framework; sourceTree = SDKROOT; };
		6C533A3714DCCDF400BDB2D0 /* AlertMe-Info.plist */ = {isa = PBXFileReference; lastKnownFileType = text.plist.xml; path = "AlertMe-Info.plist"; sourceTree = "<group>"; };
		6C533A3914DCCDF400BDB2D0 /* en */ = {isa = PBXFileReference; lastKnownFileType = text.plist.strings; name = en; path = en.lproj/InfoPlist.strings; sourceTree = "<group>"; };
		6C533A3B14DCCDF400BDB2D0 /* main.m */ = {isa = PBXFileReference; lastKnownFileType = sourcecode.c.objc; path = main.m; sourceTree = "<group>"; };
		6C533A3D14DCCDF400BDB2D0 /* AlertMe-Prefix.pch */ = {isa = PBXFileReference; lastKnownFileType = sourcecode.c.h; path = "AlertMe-Prefix.pch"; sourceTree = "<group>"; };
		6C533A3E14DCCDF400BDB2D0 /* AppDelegate.h */ = {isa = PBXFileReference; lastKnownFileType = sourcecode.c.h; path = AppDelegate.h; sourceTree = "<group>"; };
		6C533A3F14DCCDF400BDB2D0 /* AppDelegate.m */ = {isa = PBXFileReference; lastKnownFileType = sourcecode.c.objc; path = AppDelegate.m; sourceTree = "<group>"; };
		6C533A4114DCCDF400BDB2D0 /* ViewController.h */ = {isa = PBXFileReference; lastKnownFileType = sourcecode.c.h; path = ViewController.h; sourceTree = "<group>"; };
		6C533A4214DCCDF400BDB2D0 /* ViewController.m */ = {isa = PBXFileReference; lastKnownFileType = sourcecode.c.objc; path = ViewController.m; sourceTree = "<group>"; };
		6C533A4514DCCDF400BDB2D0 /* en */ = {isa = PBXFileReference; lastKnownFileType = file.xib; name = en; path = en.lproj/ViewController.xib; sourceTree = "<group>"; };
/* End PBXFileReference section */

/* Begin PBXFrameworksBuildPhase section */
		6C533A2814DCCDF400BDB2D0 /* Frameworks */ = {
			isa = PBXFrameworksBuildPhase;
			buildActionMask = 2147483647;
			files = (
				6C533A3014DCCDF400BDB2D0 /* UIKit.framework in Frameworks */,
				6C533A3214DCCDF400BDB2D0 /* Foundation.framework in Frameworks */,
				6C533A3414DCCDF400BDB2D0 /* CoreGraphics.framework in Frameworks */,
			);
			runOnlyForDeploymentPostprocessing = 0;
		};
/* End PBXFrameworksBuildPhase section */

/* Begin PBXGroup section */
		6C533A2014DCCDF400BDB2D0 = {
			isa = PBXGroup;
			children = (
				6C533A3514DCCDF400BDB2D0 /* AlertMe */,
				6C533A2E14DCCDF400BDB2D0 /* Frameworks */,
				6C533A2C14DCCDF400BDB2D0 /* Products */,
			);
			sourceTree = "<group>";
		};
		6C533A2C14DCCDF400BDB2D0 /* Products */ = {
			isa = PBXGroup;
			children = (
				6C533A2B14DCCDF400BDB2D0 /* AlertMe.app */,
			);
			name = Products;
			sourceTree = "<group>";
		};
		6C533A2E14DCCDF400BDB2D0 /* Frameworks */ = {
			isa = PBXGroup;
			children = (
				6C533A2F14DCCDF400BDB2D0 /* UIKit.framework */,
				6C533A3114DCCDF400BDB2D0 /* Foundation.framework */,
				6C533A3314DCCDF400BDB2D0 /* CoreGraphics.framework */,
			);
			name = Frameworks;
			sourceTree = "<group>";
		};
		6C533A3514DCCDF400BDB2D0 /* AlertMe */ = {
			isa = PBXGroup;
			children = (
				6C533A3E14DCCDF400BDB2D0 /* AppDelegate.h */,
				6C533A3F14DCCDF400BDB2D0 /* AppDelegate.m */,
				6C533A4114DCCDF400BDB2D0 /* ViewController.h */,
				6C533A4214DCCDF400BDB2D0 /* ViewController.m */,
				6C533A4414DCCDF400BDB2D0 /* ViewController.xib */,
				6C533A3614DCCDF400BDB2D0 /* Supporting Files */,
			);
			path = AlertMe;
			sourceTree = "<group>";
		};
		6C533A3614DCCDF400BDB2D0 /* Supporting Files */ = {
			isa = PBXGroup;
			children = (
				6C533A3714DCCDF400BDB2D0 /* AlertMe-Info.plist */,
				6C533A3814DCCDF400BDB2D0 /* InfoPlist.strings */,
				6C533A3B14DCCDF400BDB2D0 /* main.m */,
				6C533A3D14DCCDF400BDB2D0 /* AlertMe-Prefix.pch */,
			);
			name = "Supporting Files";
			sourceTree = "<group>";
		};
/* End PBXGroup section */

/* Begin PBXNativeTarget section */
		6C533A2A14DCCDF400BDB2D0 /* AlertMe */ = {
			isa = PBXNativeTarget;
			buildConfigurationList = 6C533A4914DCCDF500BDB2D0 /* Build configuration list for PBXNativeTarget "AlertMe" */;
			buildPhases = (
				6C533A2714DCCDF400BDB2D0 /* Sources */,
				6C533A2814DCCDF400BDB2D0 /* Frameworks */,
				6C533A2914DCCDF400BDB2D0 /* Resources */,
			);
			buildRules = (
			);
			dependencies = (
			);
			name = AlertMe;
			productName = AlertMe;
			productReference = 6C533A2B14DCCDF400BDB2D0 /* AlertMe.app */;
			productType = "com.apple.product-type.application";
		};
/* End PBXNativeTarget section */

/* Begin PBXProject section */
		6C533A2214DCCDF400BDB2D0 /* Project object */ = {
			isa = PBXProject;
			attributes = {
				LastUpgradeCheck = 0420;
			};
			buildConfigurationList = 6C533A2514DCCDF400BDB2D0 /* Build configuration list for PBXProject "AlertMe" */;
			compatibilityVersion = "Xcode 3.2";
			developmentRegion = English;
			hasScannedForEncodings = 0;
			knownRegions = (
				en,
			);
			mainGroup = 6C533A2014DCCDF400BDB2D0;
			productRefGroup = 6C533A2C14DCCDF400BDB2D0 /* Products */;
			projectDirPath = "";
			projectRoot = "";
			targets = (
				6C533A2A14DCCDF400BDB2D0 /* AlertMe */,
			);
		};
/* End PBXProject section */

/* Begin PBXResourcesBuildPhase section */
		6C533A2914DCCDF400BDB2D0 /* Resources */ = {
			isa = PBXResourcesBuildPhase;
			buildActionMask = 2147483647;
			files = (
				6C533A3A14DCCDF400BDB2D0 /* InfoPlist.strings in Resources */,
				6C533A4614DCCDF400BDB2D0 /* ViewController.xib in Resources */,
			);
			runOnlyForDeploymentPostprocessing = 0;
		};
/* End PBXResourcesBuildPhase section */

/* Begin PBXSourcesBuildPhase section */
		6C533A2714DCCDF400BDB2D0 /* Sources */ = {
			isa = PBXSourcesBuildPhase;
			buildActionMask = 2147483647;
			files = (
				6C533A3C14DCCDF400BDB2D0 /* main.m in Sources */,
				6C533A4014DCCDF400BDB2D0 /* AppDelegate.m in Sources */,
				6C533A4314DCCDF400BDB2D0 /* ViewController.m in Sources */,
			);
			runOnlyForDeploymentPostprocessing = 0;
		};
/* End PBXSourcesBuildPhase section */

/* Begin PBXVariantGroup section */
		6C533A3814DCCDF400BDB2D0 /* InfoPlist.strings */ = {
			isa = PBXVariantGroup;
			children = (
				6C533A3914DCCDF400BDB2D0 /* en */,
			);
			name = InfoPlist.strings;
			sourceTree = "<group>";
		};
		6C533A4414DCCDF400BDB2D0 /* ViewController.xib */ = {
			isa = PBXVariantGroup;
			children = (
				6C533A4514DCCDF400BDB2D0 /* en */,
			);
			name = ViewController.xib;
			sourceTree = "<group>";
		};
/* End PBXVariantGroup section */

/* Begin XCBuildConfiguration section */
		6C533A4714DCCDF400BDB2D0 /* Debug */ = {
			isa = XCBuildConfiguration;
			buildSettings = {
				ALWAYS_SEARCH_USER_PATHS = NO;
				ARCHS = "$(ARCHS_STANDARD_32_BIT)";
				CLANG_ENABLE_OBJC_ARC = YES;
				"CODE_SIGN_IDENTITY[sdk=iphoneos*]" = "iPhone Developer";
				COPY_PHASE_STRIP = NO;
				GCC_C_LANGUAGE_STANDARD = gnu99;
				GCC_DYNAMIC_NO_PIC = NO;
				GCC_OPTIMIZATION_LEVEL = 0;
				GCC_PREPROCESSOR_DEFINITIONS = (
					"DEBUG=1",
					"$(inherited)",
				);
				GCC_SYMBOLS_PRIVATE_EXTERN = NO;
				GCC_VERSION = com.apple.compilers.llvm.clang.1_0;
				GCC_WARN_ABOUT_MISSING_PROTOTYPES = YES;
				GCC_WARN_ABOUT_RETURN_TYPE = YES;
				GCC_WARN_UNUSED_VARIABLE = YES;
				IPHONEOS_DEPLOYMENT_TARGET = 5.0;
				SDKROOT = iphoneos;
			};
			name = Debug;
		};
		6C533A4814DCCDF400BDB2D0 /* Release */ = {
			isa = XCBuildConfiguration;
			buildSettings = {
				ALWAYS_SEARCH_USER_PATHS = NO;
				ARCHS = "$(ARCHS_STANDARD_32_BIT)";
				CLANG_ENABLE_OBJC_ARC = YES;
				"CODE_SIGN_IDENTITY[sdk=iphoneos*]" = "iPhone Developer";
				COPY_PHASE_STRIP = YES;
				GCC_C_LANGUAGE_STANDARD = gnu99;
				GCC_VERSION = com.apple.compilers.llvm.clang.1_0;
				GCC_WARN_ABOUT_MISSING_PROTOTYPES = YES;
				GCC_WARN_ABOUT_RETURN_TYPE = YES;
				GCC_WARN_UNUSED_VARIABLE = YES;
				IPHONEOS_DEPLOYMENT_TARGET = 5.0;
				OTHER_CFLAGS = "-DNS_BLOCK_ASSERTIONS=1";
				SDKROOT = iphoneos;
				VALIDATE_PRODUCT = YES;
			};
			name = Release;
		};
		6C533A4A14DCCDF500BDB2D0 /* Debug */ = {
			isa = XCBuildConfiguration;
			buildSettings = {
				GCC_PRECOMPILE_PREFIX_HEADER = YES;
				GCC_PREFIX_HEADER = "AlertMe/AlertMe-Prefix.pch";
				INFOPLIST_FILE = "AlertMe/AlertMe-Info.plist";
				PRODUCT_NAME = "$(TARGET_NAME)";
				WRAPPER_EXTENSION = app;
			};
			name = Debug;
		};
		6C533A4B14DCCDF500BDB2D0 /* Release */ = {
			isa = XCBuildConfiguration;
			buildSettings = {
				GCC_PRECOMPILE_PREFIX_HEADER = YES;
				GCC_PREFIX_HEADER = "AlertMe/AlertMe-Prefix.pch";
				INFOPLIST_FILE = "AlertMe/AlertMe-Info.plist";
				PRODUCT_NAME = "$(TARGET_NAME)";
				WRAPPER_EXTENSION = app;
			};
			name = Release;
		};
/* End XCBuildConfiguration section */

/* Begin XCConfigurationList section */
		6C533A2514DCCDF400BDB2D0 /* Build configuration list for PBXProject "AlertMe" */ = {
			isa = XCConfigurationList;
			buildConfigurations = (
				6C533A4714DCCDF400BDB2D0 /* Debug */,
				6C533A4814DCCDF400BDB2D0 /* Release */,
			);
			defaultConfigurationIsVisible = 0;
			defaultConfigurationName = Release;
		};
		6C533A4914DCCDF500BDB2D0 /* Build configuration list for PBXNativeTarget "AlertMe" */ = {
			isa = XCConfigurationList;
			buildConfigurations = (
				6C533A4A14DCCDF500BDB2D0 /* Debug */,
				6C533A4B14DCCDF500BDB2D0 /* Release */,
			);
			defaultConfigurationIsVisible = 0;
		};
/* End XCConfigurationList section */
	};
	rootObject = 6C533A2214DCCDF400BDB2D0 /* Project object */;
}
