// !$*UTF8*$!
{
	archiveVersion = 1;
	classes = {
	};
	objectVersion = 46;
	objects = {

/* Begin PBXBuildFile section */
		6C778E9A14DF3AD500A7C6A5 /* UIKit.framework in Frameworks */ = {isa = PBXBuildFile; fileRef = 6C778E9914DF3AD500A7C6A5 /* UIKit.framework */; };
		6C778E9C14DF3AD500A7C6A5 /* Foundation.framework in Frameworks */ = {isa = PBXBuildFile; fileRef = 6C778E9B14DF3AD500A7C6A5 /* Foundation.framework */; };
		6C778E9E14DF3AD500A7C6A5 /* CoreGraphics.framework in Frameworks */ = {isa = PBXBuildFile; fileRef = 6C778E9D14DF3AD500A7C6A5 /* CoreGraphics.framework */; };
		6C778EA414DF3AD500A7C6A5 /* InfoPlist.strings in Resources */ = {isa = PBXBuildFile; fileRef = 6C778EA214DF3AD500A7C6A5 /* InfoPlist.strings */; };
		6C778EA614DF3AD500A7C6A5 /* main.m in Sources */ = {isa = PBXBuildFile; fileRef = 6C778EA514DF3AD500A7C6A5 /* main.m */; };
		6C778EAA14DF3AD500A7C6A5 /* AppDelegate.m in Sources */ = {isa = PBXBuildFile; fileRef = 6C778EA914DF3AD500A7C6A5 /* AppDelegate.m */; };
		6C778EAD14DF3AD500A7C6A5 /* FirstViewController.m in Sources */ = {isa = PBXBuildFile; fileRef = 6C778EAC14DF3AD500A7C6A5 /* FirstViewController.m */; };
		6C778EAF14DF3AD500A7C6A5 /* first.png in Resources */ = {isa = PBXBuildFile; fileRef = 6C778EAE14DF3AD500A7C6A5 /* first.png */; };
		6C778EB114DF3AD500A7C6A5 /* first@2x.png in Resources */ = {isa = PBXBuildFile; fileRef = 6C778EB014DF3AD500A7C6A5 /* first@2x.png */; };
		6C778EB414DF3AD500A7C6A5 /* SecondViewController.m in Sources */ = {isa = PBXBuildFile; fileRef = 6C778EB314DF3AD500A7C6A5 /* SecondViewController.m */; };
		6C778EB614DF3AD500A7C6A5 /* second.png in Resources */ = {isa = PBXBuildFile; fileRef = 6C778EB514DF3AD500A7C6A5 /* second.png */; };
		6C778EB814DF3AD500A7C6A5 /* second@2x.png in Resources */ = {isa = PBXBuildFile; fileRef = 6C778EB714DF3AD500A7C6A5 /* second@2x.png */; };
		6C778EBB14DF3AD500A7C6A5 /* FirstViewController.xib in Resources */ = {isa = PBXBuildFile; fileRef = 6C778EB914DF3AD500A7C6A5 /* FirstViewController.xib */; };
		6C778EBE14DF3AD500A7C6A5 /* SecondViewController.xib in Resources */ = {isa = PBXBuildFile; fileRef = 6C778EBC14DF3AD500A7C6A5 /* SecondViewController.xib */; };
		6C778EC714DF3C0B00A7C6A5 /* ThirdViewController.m in Sources */ = {isa = PBXBuildFile; fileRef = 6C778EC514DF3C0B00A7C6A5 /* ThirdViewController.m */; };
		6C778EC814DF3C0B00A7C6A5 /* ThirdViewController.xib in Resources */ = {isa = PBXBuildFile; fileRef = 6C778EC614DF3C0B00A7C6A5 /* ThirdViewController.xib */; };
/* End PBXBuildFile section */

/* Begin PBXFileReference section */
		6C778E9514DF3AD500A7C6A5 /* TabbedExample.app */ = {isa = PBXFileReference; explicitFileType = wrapper.application; includeInIndex = 0; path = TabbedExample.app; sourceTree = BUILT_PRODUCTS_DIR; };
		6C778E9914DF3AD500A7C6A5 /* UIKit.framework */ = {isa = PBXFileReference; lastKnownFileType = wrapper.framework; name = UIKit.framework; path = System/Library/Frameworks/UIKit.framework; sourceTree = SDKROOT; };
		6C778E9B14DF3AD500A7C6A5 /* Foundation.framework */ = {isa = PBXFileReference; lastKnownFileType = wrapper.framework; name = Foundation.framework; path = System/Library/Frameworks/Foundation.framework; sourceTree = SDKROOT; };
		6C778E9D14DF3AD500A7C6A5 /* CoreGraphics.framework */ = {isa = PBXFileReference; lastKnownFileType = wrapper.framework; name = CoreGraphics.framework; path = System/Library/Frameworks/CoreGraphics.framework; sourceTree = SDKROOT; };
		6C778EA114DF3AD500A7C6A5 /* TabbedExample-Info.plist */ = {isa = PBXFileReference; lastKnownFileType = text.plist.xml; path = "TabbedExample-Info.plist"; sourceTree = "<group>"; };
		6C778EA314DF3AD500A7C6A5 /* en */ = {isa = PBXFileReference; lastKnownFileType = text.plist.strings; name = en; path = en.lproj/InfoPlist.strings; sourceTree = "<group>"; };
		6C778EA514DF3AD500A7C6A5 /* main.m */ = {isa = PBXFileReference; lastKnownFileType = sourcecode.c.objc; path = main.m; sourceTree = "<group>"; };
		6C778EA714DF3AD500A7C6A5 /* TabbedExample-Prefix.pch */ = {isa = PBXFileReference; lastKnownFileType = sourcecode.c.h; path = "TabbedExample-Prefix.pch"; sourceTree = "<group>"; };
		6C778EA814DF3AD500A7C6A5 /* AppDelegate.h */ = {isa = PBXFileReference; lastKnownFileType = sourcecode.c.h; path = AppDelegate.h; sourceTree = "<group>"; };
		6C778EA914DF3AD500A7C6A5 /* AppDelegate.m */ = {isa = PBXFileReference; lastKnownFileType = sourcecode.c.objc; path = AppDelegate.m; sourceTree = "<group>"; };
		6C778EAB14DF3AD500A7C6A5 /* FirstViewController.h */ = {isa = PBXFileReference; lastKnownFileType = sourcecode.c.h; path = FirstViewController.h; sourceTree = "<group>"; };
		6C778EAC14DF3AD500A7C6A5 /* FirstViewController.m */ = {isa = PBXFileReference; lastKnownFileType = sourcecode.c.objc; path = FirstViewController.m; sourceTree = "<group>"; };
		6C778EAE14DF3AD500A7C6A5 /* first.png */ = {isa = PBXFileReference; lastKnownFileType = image.png; path = first.png; sourceTree = "<group>"; };
		6C778EB014DF3AD500A7C6A5 /* first@2x.png */ = {isa = PBXFileReference; lastKnownFileType = image.png; path = "first@2x.png"; sourceTree = "<group>"; };
		6C778EB214DF3AD500A7C6A5 /* SecondViewController.h */ = {isa = PBXFileReference; lastKnownFileType = sourcecode.c.h; path = SecondViewController.h; sourceTree = "<group>"; };
		6C778EB314DF3AD500A7C6A5 /* SecondViewController.m */ = {isa = PBXFileReference; lastKnownFileType = sourcecode.c.objc; path = SecondViewController.m; sourceTree = "<group>"; };
		6C778EB514DF3AD500A7C6A5 /* second.png */ = {isa = PBXFileReference; lastKnownFileType = image.png; path = second.png; sourceTree = "<group>"; };
		6C778EB714DF3AD500A7C6A5 /* second@2x.png */ = {isa = PBXFileReference; lastKnownFileType = image.png; path = "second@2x.png"; sourceTree = "<group>"; };
		6C778EBA14DF3AD500A7C6A5 /* en */ = {isa = PBXFileReference; lastKnownFileType = file.xib; name = en; path = en.lproj/FirstViewController.xib; sourceTree = "<group>"; };
		6C778EBD14DF3AD500A7C6A5 /* en */ = {isa = PBXFileReference; lastKnownFileType = file.xib; name = en; path = en.lproj/SecondViewController.xib; sourceTree = "<group>"; };
		6C778EC414DF3C0B00A7C6A5 /* ThirdViewController.h */ = {isa = PBXFileReference; fileEncoding = 4; lastKnownFileType = sourcecode.c.h; path = ThirdViewController.h; sourceTree = "<group>"; };
		6C778EC514DF3C0B00A7C6A5 /* ThirdViewController.m */ = {isa = PBXFileReference; fileEncoding = 4; lastKnownFileType = sourcecode.c.objc; path = ThirdViewController.m; sourceTree = "<group>"; };
		6C778EC614DF3C0B00A7C6A5 /* ThirdViewController.xib */ = {isa = PBXFileReference; fileEncoding = 4; lastKnownFileType = file.xib; path = ThirdViewController.xib; sourceTree = "<group>"; };
/* End PBXFileReference section */

/* Begin PBXFrameworksBuildPhase section */
		6C778E9214DF3AD500A7C6A5 /* Frameworks */ = {
			isa = PBXFrameworksBuildPhase;
			buildActionMask = 2147483647;
			files = (
				6C778E9A14DF3AD500A7C6A5 /* UIKit.framework in Frameworks */,
				6C778E9C14DF3AD500A7C6A5 /* Foundation.framework in Frameworks */,
				6C778E9E14DF3AD500A7C6A5 /* CoreGraphics.framework in Frameworks */,
			);
			runOnlyForDeploymentPostprocessing = 0;
		};
/* End PBXFrameworksBuildPhase section */

/* Begin PBXGroup section */
		6C778E8A14DF3AD500A7C6A5 = {
			isa = PBXGroup;
			children = (
				6C778E9F14DF3AD500A7C6A5 /* TabbedExample */,
				6C778E9814DF3AD500A7C6A5 /* Frameworks */,
				6C778E9614DF3AD500A7C6A5 /* Products */,
			);
			sourceTree = "<group>";
		};
		6C778E9614DF3AD500A7C6A5 /* Products */ = {
			isa = PBXGroup;
			children = (
				6C778E9514DF3AD500A7C6A5 /* TabbedExample.app */,
			);
			name = Products;
			sourceTree = "<group>";
		};
		6C778E9814DF3AD500A7C6A5 /* Frameworks */ = {
			isa = PBXGroup;
			children = (
				6C778E9914DF3AD500A7C6A5 /* UIKit.framework */,
				6C778E9B14DF3AD500A7C6A5 /* Foundation.framework */,
				6C778E9D14DF3AD500A7C6A5 /* CoreGraphics.framework */,
			);
			name = Frameworks;
			sourceTree = "<group>";
		};
		6C778E9F14DF3AD500A7C6A5 /* TabbedExample */ = {
			isa = PBXGroup;
			children = (
				6C778EA814DF3AD500A7C6A5 /* AppDelegate.h */,
				6C778EA914DF3AD500A7C6A5 /* AppDelegate.m */,
				6C778EAB14DF3AD500A7C6A5 /* FirstViewController.h */,
				6C778EAC14DF3AD500A7C6A5 /* FirstViewController.m */,
				6C778EAE14DF3AD500A7C6A5 /* first.png */,
				6C778EB014DF3AD500A7C6A5 /* first@2x.png */,
				6C778EB214DF3AD500A7C6A5 /* SecondViewController.h */,
				6C778EB314DF3AD500A7C6A5 /* SecondViewController.m */,
				6C778EB514DF3AD500A7C6A5 /* second.png */,
				6C778EB714DF3AD500A7C6A5 /* second@2x.png */,
				6C778EB914DF3AD500A7C6A5 /* FirstViewController.xib */,
				6C778EBC14DF3AD500A7C6A5 /* SecondViewController.xib */,
				6C778EC414DF3C0B00A7C6A5 /* ThirdViewController.h */,
				6C778EC514DF3C0B00A7C6A5 /* ThirdViewController.m */,
				6C778EC614DF3C0B00A7C6A5 /* ThirdViewController.xib */,
				6C778EA014DF3AD500A7C6A5 /* Supporting Files */,
			);
			path = TabbedExample;
			sourceTree = "<group>";
		};
		6C778EA014DF3AD500A7C6A5 /* Supporting Files */ = {
			isa = PBXGroup;
			children = (
				6C778EA114DF3AD500A7C6A5 /* TabbedExample-Info.plist */,
				6C778EA214DF3AD500A7C6A5 /* InfoPlist.strings */,
				6C778EA514DF3AD500A7C6A5 /* main.m */,
				6C778EA714DF3AD500A7C6A5 /* TabbedExample-Prefix.pch */,
			);
			name = "Supporting Files";
			sourceTree = "<group>";
		};
/* End PBXGroup section */

/* Begin PBXNativeTarget section */
		6C778E9414DF3AD500A7C6A5 /* TabbedExample */ = {
			isa = PBXNativeTarget;
			buildConfigurationList = 6C778EC114DF3AD500A7C6A5 /* Build configuration list for PBXNativeTarget "TabbedExample" */;
			buildPhases = (
				6C778E9114DF3AD500A7C6A5 /* Sources */,
				6C778E9214DF3AD500A7C6A5 /* Frameworks */,
				6C778E9314DF3AD500A7C6A5 /* Resources */,
			);
			buildRules = (
			);
			dependencies = (
			);
			name = TabbedExample;
			productName = TabbedExample;
			productReference = 6C778E9514DF3AD500A7C6A5 /* TabbedExample.app */;
			productType = "com.apple.product-type.application";
		};
/* End PBXNativeTarget section */

/* Begin PBXProject section */
		6C778E8C14DF3AD500A7C6A5 /* Project object */ = {
			isa = PBXProject;
			attributes = {
				LastUpgradeCheck = 0420;
			};
			buildConfigurationList = 6C778E8F14DF3AD500A7C6A5 /* Build configuration list for PBXProject "TabbedExample" */;
			compatibilityVersion = "Xcode 3.2";
			developmentRegion = English;
			hasScannedForEncodings = 0;
			knownRegions = (
				en,
			);
			mainGroup = 6C778E8A14DF3AD500A7C6A5;
			productRefGroup = 6C778E9614DF3AD500A7C6A5 /* Products */;
			projectDirPath = "";
			projectRoot = "";
			targets = (
				6C778E9414DF3AD500A7C6A5 /* TabbedExample */,
			);
		};
/* End PBXProject section */

/* Begin PBXResourcesBuildPhase section */
		6C778E9314DF3AD500A7C6A5 /* Resources */ = {
			isa = PBXResourcesBuildPhase;
			buildActionMask = 2147483647;
			files = (
				6C778EA414DF3AD500A7C6A5 /* InfoPlist.strings in Resources */,
				6C778EAF14DF3AD500A7C6A5 /* first.png in Resources */,
				6C778EB114DF3AD500A7C6A5 /* first@2x.png in Resources */,
				6C778EB614DF3AD500A7C6A5 /* second.png in Resources */,
				6C778EB814DF3AD500A7C6A5 /* second@2x.png in Resources */,
				6C778EBB14DF3AD500A7C6A5 /* FirstViewController.xib in Resources */,
				6C778EBE14DF3AD500A7C6A5 /* SecondViewController.xib in Resources */,
				6C778EC814DF3C0B00A7C6A5 /* ThirdViewController.xib in Resources */,
			);
			runOnlyForDeploymentPostprocessing = 0;
		};
/* End PBXResourcesBuildPhase section */

/* Begin PBXSourcesBuildPhase section */
		6C778E9114DF3AD500A7C6A5 /* Sources */ = {
			isa = PBXSourcesBuildPhase;
			buildActionMask = 2147483647;
			files = (
				6C778EA614DF3AD500A7C6A5 /* main.m in Sources */,
				6C778EAA14DF3AD500A7C6A5 /* AppDelegate.m in Sources */,
				6C778EAD14DF3AD500A7C6A5 /* FirstViewController.m in Sources */,
				6C778EB414DF3AD500A7C6A5 /* SecondViewController.m in Sources */,
				6C778EC714DF3C0B00A7C6A5 /* ThirdViewController.m in Sources */,
			);
			runOnlyForDeploymentPostprocessing = 0;
		};
/* End PBXSourcesBuildPhase section */

/* Begin PBXVariantGroup section */
		6C778EA214DF3AD500A7C6A5 /* InfoPlist.strings */ = {
			isa = PBXVariantGroup;
			children = (
				6C778EA314DF3AD500A7C6A5 /* en */,
			);
			name = InfoPlist.strings;
			sourceTree = "<group>";
		};
		6C778EB914DF3AD500A7C6A5 /* FirstViewController.xib */ = {
			isa = PBXVariantGroup;
			children = (
				6C778EBA14DF3AD500A7C6A5 /* en */,
			);
			name = FirstViewController.xib;
			sourceTree = "<group>";
		};
		6C778EBC14DF3AD500A7C6A5 /* SecondViewController.xib */ = {
			isa = PBXVariantGroup;
			children = (
				6C778EBD14DF3AD500A7C6A5 /* en */,
			);
			name = SecondViewController.xib;
			sourceTree = "<group>";
		};
/* End PBXVariantGroup section */

/* Begin XCBuildConfiguration section */
		6C778EBF14DF3AD500A7C6A5 /* Debug */ = {
			isa = XCBuildConfiguration;
			buildSettings = {
				ALWAYS_SEARCH_USER_PATHS = NO;
				ARCHS = "$(ARCHS_STANDARD_32_BIT)";
				CLANG_ENABLE_OBJC_ARC = YES;
				"CODE_SIGN_IDENTITY[sdk=iphoneos*]" = "iPhone Developer";
				COPY_PHASE_STRIP = NO;
				GCC_C_LANGUAGE_STANDARD = gnu99;
				GCC_DYNAMIC_NO_PIC = NO;
				GCC_OPTIMIZATION_LEVEL = 0;
				GCC_PREPROCESSOR_DEFINITIONS = (
					"DEBUG=1",
					"$(inherited)",
				);
				GCC_SYMBOLS_PRIVATE_EXTERN = NO;
				GCC_VERSION = com.apple.compilers.llvm.clang.1_0;
				GCC_WARN_ABOUT_MISSING_PROTOTYPES = YES;
				GCC_WARN_ABOUT_RETURN_TYPE = YES;
				GCC_WARN_UNUSED_VARIABLE = YES;
				IPHONEOS_DEPLOYMENT_TARGET = 5.0;
				SDKROOT = iphoneos;
			};
			name = Debug;
		};
		6C778EC014DF3AD500A7C6A5 /* Release */ = {
			isa = XCBuildConfiguration;
			buildSettings = {
				ALWAYS_SEARCH_USER_PATHS = NO;
				ARCHS = "$(ARCHS_STANDARD_32_BIT)";
				CLANG_ENABLE_OBJC_ARC = YES;
				"CODE_SIGN_IDENTITY[sdk=iphoneos*]" = "iPhone Developer";
				COPY_PHASE_STRIP = YES;
				GCC_C_LANGUAGE_STANDARD = gnu99;
				GCC_VERSION = com.apple.compilers.llvm.clang.1_0;
				GCC_WARN_ABOUT_MISSING_PROTOTYPES = YES;
				GCC_WARN_ABOUT_RETURN_TYPE = YES;
				GCC_WARN_UNUSED_VARIABLE = YES;
				IPHONEOS_DEPLOYMENT_TARGET = 5.0;
				OTHER_CFLAGS = "-DNS_BLOCK_ASSERTIONS=1";
				SDKROOT = iphoneos;
				VALIDATE_PRODUCT = YES;
			};
			name = Release;
		};
		6C778EC214DF3AD500A7C6A5 /* Debug */ = {
			isa = XCBuildConfiguration;
			buildSettings = {
				GCC_PRECOMPILE_PREFIX_HEADER = YES;
				GCC_PREFIX_HEADER = "TabbedExample/TabbedExample-Prefix.pch";
				INFOPLIST_FILE = "TabbedExample/TabbedExample-Info.plist";
				PRODUCT_NAME = "$(TARGET_NAME)";
				WRAPPER_EXTENSION = app;
			};
			name = Debug;
		};
		6C778EC314DF3AD500A7C6A5 /* Release */ = {
			isa = XCBuildConfiguration;
			buildSettings = {
				GCC_PRECOMPILE_PREFIX_HEADER = YES;
				GCC_PREFIX_HEADER = "TabbedExample/TabbedExample-Prefix.pch";
				INFOPLIST_FILE = "TabbedExample/TabbedExample-Info.plist";
				PRODUCT_NAME = "$(TARGET_NAME)";
				WRAPPER_EXTENSION = app;
			};
			name = Release;
		};
/* End XCBuildConfiguration section */

/* Begin XCConfigurationList section */
		6C778E8F14DF3AD500A7C6A5 /* Build configuration list for PBXProject "TabbedExample" */ = {
			isa = XCConfigurationList;
			buildConfigurations = (
				6C778EBF14DF3AD500A7C6A5 /* Debug */,
				6C778EC014DF3AD500A7C6A5 /* Release */,
			);
			defaultConfigurationIsVisible = 0;
			defaultConfigurationName = Release;
		};
		6C778EC114DF3AD500A7C6A5 /* Build configuration list for PBXNativeTarget "TabbedExample" */ = {
			isa = XCConfigurationList;
			buildConfigurations = (
				6C778EC214DF3AD500A7C6A5 /* Debug */,
				6C778EC314DF3AD500A7C6A5 /* Release */,
			);
			defaultConfigurationIsVisible = 0;
		};
/* End XCConfigurationList section */
	};
	rootObject = 6C778E8C14DF3AD500A7C6A5 /* Project object */;
}
