// !$*UTF8*$!
{
	archiveVersion = 1;
	classes = {
	};
	objectVersion = 46;
	objects = {

/* Begin PBXBuildFile section */
		6C1AC32914DB6FBD009639A7 /* UIKit.framework in Frameworks */ = {isa = PBXBuildFile; fileRef = 6C1AC32814DB6FBD009639A7 /* UIKit.framework */; };
		6C1AC32B14DB6FBD009639A7 /* Foundation.framework in Frameworks */ = {isa = PBXBuildFile; fileRef = 6C1AC32A14DB6FBD009639A7 /* Foundation.framework */; };
		6C1AC32D14DB6FBD009639A7 /* CoreGraphics.framework in Frameworks */ = {isa = PBXBuildFile; fileRef = 6C1AC32C14DB6FBD009639A7 /* CoreGraphics.framework */; };
		6C1AC33314DB6FBD009639A7 /* InfoPlist.strings in Resources */ = {isa = PBXBuildFile; fileRef = 6C1AC33114DB6FBD009639A7 /* InfoPlist.strings */; };
		6C1AC33514DB6FBD009639A7 /* main.m in Sources */ = {isa = PBXBuildFile; fileRef = 6C1AC33414DB6FBD009639A7 /* main.m */; };
		6C1AC33914DB6FBD009639A7 /* AppDelegate.m in Sources */ = {isa = PBXBuildFile; fileRef = 6C1AC33814DB6FBD009639A7 /* AppDelegate.m */; };
		6C1AC33C14DB6FBD009639A7 /* ViewController.m in Sources */ = {isa = PBXBuildFile; fileRef = 6C1AC33B14DB6FBD009639A7 /* ViewController.m */; };
		6C1AC33F14DB6FBD009639A7 /* ViewController.xib in Resources */ = {isa = PBXBuildFile; fileRef = 6C1AC33D14DB6FBD009639A7 /* ViewController.xib */; };
/* End PBXBuildFile section */

/* Begin PBXFileReference section */
		6C1AC32414DB6FBD009639A7 /* QuickConnections.app */ = {isa = PBXFileReference; explicitFileType = wrapper.application; includeInIndex = 0; path = QuickConnections.app; sourceTree = BUILT_PRODUCTS_DIR; };
		6C1AC32814DB6FBD009639A7 /* UIKit.framework */ = {isa = PBXFileReference; lastKnownFileType = wrapper.framework; name = UIKit.framework; path = System/Library/Frameworks/UIKit.framework; sourceTree = SDKROOT; };
		6C1AC32A14DB6FBD009639A7 /* Foundation.framework */ = {isa = PBXFileReference; lastKnownFileType = wrapper.framework; name = Foundation.framework; path = System/Library/Frameworks/Foundation.framework; sourceTree = SDKROOT; };
		6C1AC32C14DB6FBD009639A7 /* CoreGraphics.framework */ = {isa = PBXFileReference; lastKnownFileType = wrapper.framework; name = CoreGraphics.framework; path = System/Library/Frameworks/CoreGraphics.framework; sourceTree = SDKROOT; };
		6C1AC33014DB6FBD009639A7 /* QuickConnections-Info.plist */ = {isa = PBXFileReference; lastKnownFileType = text.plist.xml; path = "QuickConnections-Info.plist"; sourceTree = "<group>"; };
		6C1AC33214DB6FBD009639A7 /* en */ = {isa = PBXFileReference; lastKnownFileType = text.plist.strings; name = en; path = en.lproj/InfoPlist.strings; sourceTree = "<group>"; };
		6C1AC33414DB6FBD009639A7 /* main.m */ = {isa = PBXFileReference; lastKnownFileType = sourcecode.c.objc; path = main.m; sourceTree = "<group>"; };
		6C1AC33614DB6FBD009639A7 /* QuickConnections-Prefix.pch */ = {isa = PBXFileReference; lastKnownFileType = sourcecode.c.h; path = "QuickConnections-Prefix.pch"; sourceTree = "<group>"; };
		6C1AC33714DB6FBD009639A7 /* AppDelegate.h */ = {isa = PBXFileReference; lastKnownFileType = sourcecode.c.h; path = AppDelegate.h; sourceTree = "<group>"; };
		6C1AC33814DB6FBD009639A7 /* AppDelegate.m */ = {isa = PBXFileReference; lastKnownFileType = sourcecode.c.objc; path = AppDelegate.m; sourceTree = "<group>"; };
		6C1AC33A14DB6FBD009639A7 /* ViewController.h */ = {isa = PBXFileReference; lastKnownFileType = sourcecode.c.h; path = ViewController.h; sourceTree = "<group>"; };
		6C1AC33B14DB6FBD009639A7 /* ViewController.m */ = {isa = PBXFileReference; lastKnownFileType = sourcecode.c.objc; path = ViewController.m; sourceTree = "<group>"; };
		6C1AC33E14DB6FBD009639A7 /* en */ = {isa = PBXFileReference; lastKnownFileType = file.xib; name = en; path = en.lproj/ViewController.xib; sourceTree = "<group>"; };
/* End PBXFileReference section */

/* Begin PBXFrameworksBuildPhase section */
		6C1AC32114DB6FBD009639A7 /* Frameworks */ = {
			isa = PBXFrameworksBuildPhase;
			buildActionMask = 2147483647;
			files = (
				6C1AC32914DB6FBD009639A7 /* UIKit.framework in Frameworks */,
				6C1AC32B14DB6FBD009639A7 /* Foundation.framework in Frameworks */,
				6C1AC32D14DB6FBD009639A7 /* CoreGraphics.framework in Frameworks */,
			);
			runOnlyForDeploymentPostprocessing = 0;
		};
/* End PBXFrameworksBuildPhase section */

/* Begin PBXGroup section */
		6C1AC31914DB6FBD009639A7 = {
			isa = PBXGroup;
			children = (
				6C1AC32E14DB6FBD009639A7 /* QuickConnections */,
				6C1AC32714DB6FBD009639A7 /* Frameworks */,
				6C1AC32514DB6FBD009639A7 /* Products */,
			);
			sourceTree = "<group>";
		};
		6C1AC32514DB6FBD009639A7 /* Products */ = {
			isa = PBXGroup;
			children = (
				6C1AC32414DB6FBD009639A7 /* QuickConnections.app */,
			);
			name = Products;
			sourceTree = "<group>";
		};
		6C1AC32714DB6FBD009639A7 /* Frameworks */ = {
			isa = PBXGroup;
			children = (
				6C1AC32814DB6FBD009639A7 /* UIKit.framework */,
				6C1AC32A14DB6FBD009639A7 /* Foundation.framework */,
				6C1AC32C14DB6FBD009639A7 /* CoreGraphics.framework */,
			);
			name = Frameworks;
			sourceTree = "<group>";
		};
		6C1AC32E14DB6FBD009639A7 /* QuickConnections */ = {
			isa = PBXGroup;
			children = (
				6C1AC33714DB6FBD009639A7 /* AppDelegate.h */,
				6C1AC33814DB6FBD009639A7 /* AppDelegate.m */,
				6C1AC33A14DB6FBD009639A7 /* ViewController.h */,
				6C1AC33B14DB6FBD009639A7 /* ViewController.m */,
				6C1AC33D14DB6FBD009639A7 /* ViewController.xib */,
				6C1AC32F14DB6FBD009639A7 /* Supporting Files */,
			);
			path = QuickConnections;
			sourceTree = "<group>";
		};
		6C1AC32F14DB6FBD009639A7 /* Supporting Files */ = {
			isa = PBXGroup;
			children = (
				6C1AC33014DB6FBD009639A7 /* QuickConnections-Info.plist */,
				6C1AC33114DB6FBD009639A7 /* InfoPlist.strings */,
				6C1AC33414DB6FBD009639A7 /* main.m */,
				6C1AC33614DB6FBD009639A7 /* QuickConnections-Prefix.pch */,
			);
			name = "Supporting Files";
			sourceTree = "<group>";
		};
/* End PBXGroup section */

/* Begin PBXNativeTarget section */
		6C1AC32314DB6FBD009639A7 /* QuickConnections */ = {
			isa = PBXNativeTarget;
			buildConfigurationList = 6C1AC34214DB6FBD009639A7 /* Build configuration list for PBXNativeTarget "QuickConnections" */;
			buildPhases = (
				6C1AC32014DB6FBD009639A7 /* Sources */,
				6C1AC32114DB6FBD009639A7 /* Frameworks */,
				6C1AC32214DB6FBD009639A7 /* Resources */,
			);
			buildRules = (
			);
			dependencies = (
			);
			name = QuickConnections;
			productName = QuickConnections;
			productReference = 6C1AC32414DB6FBD009639A7 /* QuickConnections.app */;
			productType = "com.apple.product-type.application";
		};
/* End PBXNativeTarget section */

/* Begin PBXProject section */
		6C1AC31B14DB6FBD009639A7 /* Project object */ = {
			isa = PBXProject;
			attributes = {
				LastUpgradeCheck = 0420;
			};
			buildConfigurationList = 6C1AC31E14DB6FBD009639A7 /* Build configuration list for PBXProject "QuickConnections" */;
			compatibilityVersion = "Xcode 3.2";
			developmentRegion = English;
			hasScannedForEncodings = 0;
			knownRegions = (
				en,
			);
			mainGroup = 6C1AC31914DB6FBD009639A7;
			productRefGroup = 6C1AC32514DB6FBD009639A7 /* Products */;
			projectDirPath = "";
			projectRoot = "";
			targets = (
				6C1AC32314DB6FBD009639A7 /* QuickConnections */,
			);
		};
/* End PBXProject section */

/* Begin PBXResourcesBuildPhase section */
		6C1AC32214DB6FBD009639A7 /* Resources */ = {
			isa = PBXResourcesBuildPhase;
			buildActionMask = 2147483647;
			files = (
				6C1AC33314DB6FBD009639A7 /* InfoPlist.strings in Resources */,
				6C1AC33F14DB6FBD009639A7 /* ViewController.xib in Resources */,
			);
			runOnlyForDeploymentPostprocessing = 0;
		};
/* End PBXResourcesBuildPhase section */

/* Begin PBXSourcesBuildPhase section */
		6C1AC32014DB6FBD009639A7 /* Sources */ = {
			isa = PBXSourcesBuildPhase;
			buildActionMask = 2147483647;
			files = (
				6C1AC33514DB6FBD009639A7 /* main.m in Sources */,
				6C1AC33914DB6FBD009639A7 /* AppDelegate.m in Sources */,
				6C1AC33C14DB6FBD009639A7 /* ViewController.m in Sources */,
			);
			runOnlyForDeploymentPostprocessing = 0;
		};
/* End PBXSourcesBuildPhase section */

/* Begin PBXVariantGroup section */
		6C1AC33114DB6FBD009639A7 /* InfoPlist.strings */ = {
			isa = PBXVariantGroup;
			children = (
				6C1AC33214DB6FBD009639A7 /* en */,
			);
			name = InfoPlist.strings;
			sourceTree = "<group>";
		};
		6C1AC33D14DB6FBD009639A7 /* ViewController.xib */ = {
			isa = PBXVariantGroup;
			children = (
				6C1AC33E14DB6FBD009639A7 /* en */,
			);
			name = ViewController.xib;
			sourceTree = "<group>";
		};
/* End PBXVariantGroup section */

/* Begin XCBuildConfiguration section */
		6C1AC34014DB6FBD009639A7 /* Debug */ = {
			isa = XCBuildConfiguration;
			buildSettings = {
				ALWAYS_SEARCH_USER_PATHS = NO;
				ARCHS = "$(ARCHS_STANDARD_32_BIT)";
				CLANG_ENABLE_OBJC_ARC = YES;
				"CODE_SIGN_IDENTITY[sdk=iphoneos*]" = "iPhone Developer";
				COPY_PHASE_STRIP = NO;
				GCC_C_LANGUAGE_STANDARD = gnu99;
				GCC_DYNAMIC_NO_PIC = NO;
				GCC_OPTIMIZATION_LEVEL = 0;
				GCC_PREPROCESSOR_DEFINITIONS = (
					"DEBUG=1",
					"$(inherited)",
				);
				GCC_SYMBOLS_PRIVATE_EXTERN = NO;
				GCC_VERSION = com.apple.compilers.llvm.clang.1_0;
				GCC_WARN_ABOUT_MISSING_PROTOTYPES = YES;
				GCC_WARN_ABOUT_RETURN_TYPE = YES;
				GCC_WARN_UNUSED_VARIABLE = YES;
				IPHONEOS_DEPLOYMENT_TARGET = 5.0;
				SDKROOT = iphoneos;
			};
			name = Debug;
		};
		6C1AC34114DB6FBD009639A7 /* Release */ = {
			isa = XCBuildConfiguration;
			buildSettings = {
				ALWAYS_SEARCH_USER_PATHS = NO;
				ARCHS = "$(ARCHS_STANDARD_32_BIT)";
				CLANG_ENABLE_OBJC_ARC = YES;
				"CODE_SIGN_IDENTITY[sdk=iphoneos*]" = "iPhone Developer";
				COPY_PHASE_STRIP = YES;
				GCC_C_LANGUAGE_STANDARD = gnu99;
				GCC_VERSION = com.apple.compilers.llvm.clang.1_0;
				GCC_WARN_ABOUT_MISSING_PROTOTYPES = YES;
				GCC_WARN_ABOUT_RETURN_TYPE = YES;
				GCC_WARN_UNUSED_VARIABLE = YES;
				IPHONEOS_DEPLOYMENT_TARGET = 5.0;
				OTHER_CFLAGS = "-DNS_BLOCK_ASSERTIONS=1";
				SDKROOT = iphoneos;
				VALIDATE_PRODUCT = YES;
			};
			name = Release;
		};
		6C1AC34314DB6FBD009639A7 /* Debug */ = {
			isa = XCBuildConfiguration;
			buildSettings = {
				GCC_PRECOMPILE_PREFIX_HEADER = YES;
				GCC_PREFIX_HEADER = "QuickConnections/QuickConnections-Prefix.pch";
				INFOPLIST_FILE = "QuickConnections/QuickConnections-Info.plist";
				PRODUCT_NAME = "$(TARGET_NAME)";
				WRAPPER_EXTENSION = app;
			};
			name = Debug;
		};
		6C1AC34414DB6FBD009639A7 /* Release */ = {
			isa = XCBuildConfiguration;
			buildSettings = {
				GCC_PRECOMPILE_PREFIX_HEADER = YES;
				GCC_PREFIX_HEADER = "QuickConnections/QuickConnections-Prefix.pch";
				INFOPLIST_FILE = "QuickConnections/QuickConnections-Info.plist";
				PRODUCT_NAME = "$(TARGET_NAME)";
				WRAPPER_EXTENSION = app;
			};
			name = Release;
		};
/* End XCBuildConfiguration section */

/* Begin XCConfigurationList section */
		6C1AC31E14DB6FBD009639A7 /* Build configuration list for PBXProject "QuickConnections" */ = {
			isa = XCConfigurationList;
			buildConfigurations = (
				6C1AC34014DB6FBD009639A7 /* Debug */,
				6C1AC34114DB6FBD009639A7 /* Release */,
			);
			defaultConfigurationIsVisible = 0;
			defaultConfigurationName = Release;
		};
		6C1AC34214DB6FBD009639A7 /* Build configuration list for PBXNativeTarget "QuickConnections" */ = {
			isa = XCConfigurationList;
			buildConfigurations = (
				6C1AC34314DB6FBD009639A7 /* Debug */,
				6C1AC34414DB6FBD009639A7 /* Release */,
			);
			defaultConfigurationIsVisible = 0;
		};
/* End XCConfigurationList section */
	};
	rootObject = 6C1AC31B14DB6FBD009639A7 /* Project object */;
}
