// !$*UTF8*$!
{
	archiveVersion = 1;
	classes = {
	};
	objectVersion = 46;
	objects = {

/* Begin PBXBuildFile section */
		6CF549F014DA3EFA0061D9D9 /* Foundation.framework in Frameworks */ = {isa = PBXBuildFile; fileRef = 6CF549EF14DA3EFA0061D9D9 /* Foundation.framework */; };
		6CF549F314DA3EFA0061D9D9 /* main.m in Sources */ = {isa = PBXBuildFile; fileRef = 6CF549F214DA3EFA0061D9D9 /* main.m */; };
		6CF549F714DA3EFA0061D9D9 /* CustomClasses.1 in CopyFiles */ = {isa = PBXBuildFile; fileRef = 6CF549F614DA3EFA0061D9D9 /* CustomClasses.1 */; };
		6CF549FF14DA3FA30061D9D9 /* Player.m in Sources */ = {isa = PBXBuildFile; fileRef = 6CF549FE14DA3FA30061D9D9 /* Player.m */; };
/* End PBXBuildFile section */

/* Begin PBXCopyFilesBuildPhase section */
		6CF549E914DA3EFA0061D9D9 /* CopyFiles */ = {
			isa = PBXCopyFilesBuildPhase;
			buildActionMask = 2147483647;
			dstPath = /usr/share/man/man1/;
			dstSubfolderSpec = 0;
			files = (
				6CF549F714DA3EFA0061D9D9 /* CustomClasses.1 in CopyFiles */,
			);
			runOnlyForDeploymentPostprocessing = 1;
		};
/* End PBXCopyFilesBuildPhase section */

/* Begin PBXFileReference section */
		6CF549EB14DA3EFA0061D9D9 /* CustomClasses */ = {isa = PBXFileReference; explicitFileType = "compiled.mach-o.executable"; includeInIndex = 0; path = CustomClasses; sourceTree = BUILT_PRODUCTS_DIR; };
		6CF549EF14DA3EFA0061D9D9 /* Foundation.framework */ = {isa = PBXFileReference; lastKnownFileType = wrapper.framework; name = Foundation.framework; path = System/Library/Frameworks/Foundation.framework; sourceTree = SDKROOT; };
		6CF549F214DA3EFA0061D9D9 /* main.m */ = {isa = PBXFileReference; lastKnownFileType = sourcecode.c.objc; path = main.m; sourceTree = "<group>"; };
		6CF549F514DA3EFA0061D9D9 /* CustomClasses-Prefix.pch */ = {isa = PBXFileReference; lastKnownFileType = sourcecode.c.h; path = "CustomClasses-Prefix.pch"; sourceTree = "<group>"; };
		6CF549F614DA3EFA0061D9D9 /* CustomClasses.1 */ = {isa = PBXFileReference; lastKnownFileType = text.man; path = CustomClasses.1; sourceTree = "<group>"; };
		6CF549FD14DA3FA30061D9D9 /* Player.h */ = {isa = PBXFileReference; fileEncoding = 4; lastKnownFileType = sourcecode.c.h; path = Player.h; sourceTree = "<group>"; };
		6CF549FE14DA3FA30061D9D9 /* Player.m */ = {isa = PBXFileReference; fileEncoding = 4; lastKnownFileType = sourcecode.c.objc; path = Player.m; sourceTree = "<group>"; };
/* End PBXFileReference section */

/* Begin PBXFrameworksBuildPhase section */
		6CF549E814DA3EFA0061D9D9 /* Frameworks */ = {
			isa = PBXFrameworksBuildPhase;
			buildActionMask = 2147483647;
			files = (
				6CF549F014DA3EFA0061D9D9 /* Foundation.framework in Frameworks */,
			);
			runOnlyForDeploymentPostprocessing = 0;
		};
/* End PBXFrameworksBuildPhase section */

/* Begin PBXGroup section */
		6CF549E014DA3EFA0061D9D9 = {
			isa = PBXGroup;
			children = (
				6CF549FD14DA3FA30061D9D9 /* Player.h */,
				6CF549FE14DA3FA30061D9D9 /* Player.m */,
				6CF549F114DA3EFA0061D9D9 /* CustomClasses */,
				6CF549EE14DA3EFA0061D9D9 /* Frameworks */,
				6CF549EC14DA3EFA0061D9D9 /* Products */,
			);
			sourceTree = "<group>";
		};
		6CF549EC14DA3EFA0061D9D9 /* Products */ = {
			isa = PBXGroup;
			children = (
				6CF549EB14DA3EFA0061D9D9 /* CustomClasses */,
			);
			name = Products;
			sourceTree = "<group>";
		};
		6CF549EE14DA3EFA0061D9D9 /* Frameworks */ = {
			isa = PBXGroup;
			children = (
				6CF549EF14DA3EFA0061D9D9 /* Foundation.framework */,
			);
			name = Frameworks;
			sourceTree = "<group>";
		};
		6CF549F114DA3EFA0061D9D9 /* CustomClasses */ = {
			isa = PBXGroup;
			children = (
				6CF549F214DA3EFA0061D9D9 /* main.m */,
				6CF549F614DA3EFA0061D9D9 /* CustomClasses.1 */,
				6CF549F414DA3EFA0061D9D9 /* Supporting Files */,
			);
			path = CustomClasses;
			sourceTree = "<group>";
		};
		6CF549F414DA3EFA0061D9D9 /* Supporting Files */ = {
			isa = PBXGroup;
			children = (
				6CF549F514DA3EFA0061D9D9 /* CustomClasses-Prefix.pch */,
			);
			name = "Supporting Files";
			sourceTree = "<group>";
		};
/* End PBXGroup section */

/* Begin PBXNativeTarget section */
		6CF549EA14DA3EFA0061D9D9 /* CustomClasses */ = {
			isa = PBXNativeTarget;
			buildConfigurationList = 6CF549FA14DA3EFA0061D9D9 /* Build configuration list for PBXNativeTarget "CustomClasses" */;
			buildPhases = (
				6CF549E714DA3EFA0061D9D9 /* Sources */,
				6CF549E814DA3EFA0061D9D9 /* Frameworks */,
				6CF549E914DA3EFA0061D9D9 /* CopyFiles */,
			);
			buildRules = (
			);
			dependencies = (
			);
			name = CustomClasses;
			productName = CustomClasses;
			productReference = 6CF549EB14DA3EFA0061D9D9 /* CustomClasses */;
			productType = "com.apple.product-type.tool";
		};
/* End PBXNativeTarget section */

/* Begin PBXProject section */
		6CF549E214DA3EFA0061D9D9 /* Project object */ = {
			isa = PBXProject;
			attributes = {
				LastUpgradeCheck = 0420;
			};
			buildConfigurationList = 6CF549E514DA3EFA0061D9D9 /* Build configuration list for PBXProject "CustomClasses" */;
			compatibilityVersion = "Xcode 3.2";
			developmentRegion = English;
			hasScannedForEncodings = 0;
			knownRegions = (
				en,
			);
			mainGroup = 6CF549E014DA3EFA0061D9D9;
			productRefGroup = 6CF549EC14DA3EFA0061D9D9 /* Products */;
			projectDirPath = "";
			projectRoot = "";
			targets = (
				6CF549EA14DA3EFA0061D9D9 /* CustomClasses */,
			);
		};
/* End PBXProject section */

/* Begin PBXSourcesBuildPhase section */
		6CF549E714DA3EFA0061D9D9 /* Sources */ = {
			isa = PBXSourcesBuildPhase;
			buildActionMask = 2147483647;
			files = (
				6CF549F314DA3EFA0061D9D9 /* main.m in Sources */,
				6CF549FF14DA3FA30061D9D9 /* Player.m in Sources */,
			);
			runOnlyForDeploymentPostprocessing = 0;
		};
/* End PBXSourcesBuildPhase section */

/* Begin XCBuildConfiguration section */
		6CF549F814DA3EFA0061D9D9 /* Debug */ = {
			isa = XCBuildConfiguration;
			buildSettings = {
				ALWAYS_SEARCH_USER_PATHS = NO;
				ARCHS = "$(ARCHS_STANDARD_64_BIT)";
				CLANG_ENABLE_OBJC_ARC = YES;
				COPY_PHASE_STRIP = NO;
				GCC_C_LANGUAGE_STANDARD = gnu99;
				GCC_DYNAMIC_NO_PIC = NO;
				GCC_ENABLE_OBJC_EXCEPTIONS = YES;
				GCC_OPTIMIZATION_LEVEL = 0;
				GCC_PREPROCESSOR_DEFINITIONS = (
					"DEBUG=1",
					"$(inherited)",
				);
				GCC_SYMBOLS_PRIVATE_EXTERN = NO;
				GCC_VERSION = com.apple.compilers.llvm.clang.1_0;
				GCC_WARN_64_TO_32_BIT_CONVERSION = YES;
				GCC_WARN_ABOUT_MISSING_PROTOTYPES = YES;
				GCC_WARN_ABOUT_RETURN_TYPE = YES;
				GCC_WARN_UNUSED_VARIABLE = YES;
				MACOSX_DEPLOYMENT_TARGET = 10.7;
				ONLY_ACTIVE_ARCH = YES;
				SDKROOT = macosx;
			};
			name = Debug;
		};
		6CF549F914DA3EFA0061D9D9 /* Release */ = {
			isa = XCBuildConfiguration;
			buildSettings = {
				ALWAYS_SEARCH_USER_PATHS = NO;
				ARCHS = "$(ARCHS_STANDARD_64_BIT)";
				CLANG_ENABLE_OBJC_ARC = YES;
				COPY_PHASE_STRIP = YES;
				DEBUG_INFORMATION_FORMAT = "dwarf-with-dsym";
				GCC_C_LANGUAGE_STANDARD = gnu99;
				GCC_ENABLE_OBJC_EXCEPTIONS = YES;
				GCC_VERSION = com.apple.compilers.llvm.clang.1_0;
				GCC_WARN_64_TO_32_BIT_CONVERSION = YES;
				GCC_WARN_ABOUT_MISSING_PROTOTYPES = YES;
				GCC_WARN_ABOUT_RETURN_TYPE = YES;
				GCC_WARN_UNUSED_VARIABLE = YES;
				MACOSX_DEPLOYMENT_TARGET = 10.7;
				SDKROOT = macosx;
			};
			name = Release;
		};
		6CF549FB14DA3EFA0061D9D9 /* Debug */ = {
			isa = XCBuildConfiguration;
			buildSettings = {
				GCC_PRECOMPILE_PREFIX_HEADER = YES;
				GCC_PREFIX_HEADER = "CustomClasses/CustomClasses-Prefix.pch";
				PRODUCT_NAME = "$(TARGET_NAME)";
			};
			name = Debug;
		};
		6CF549FC14DA3EFA0061D9D9 /* Release */ = {
			isa = XCBuildConfiguration;
			buildSettings = {
				GCC_PRECOMPILE_PREFIX_HEADER = YES;
				GCC_PREFIX_HEADER = "CustomClasses/CustomClasses-Prefix.pch";
				PRODUCT_NAME = "$(TARGET_NAME)";
			};
			name = Release;
		};
/* End XCBuildConfiguration section */

/* Begin XCConfigurationList section */
		6CF549E514DA3EFA0061D9D9 /* Build configuration list for PBXProject "CustomClasses" */ = {
			isa = XCConfigurationList;
			buildConfigurations = (
				6CF549F814DA3EFA0061D9D9 /* Debug */,
				6CF549F914DA3EFA0061D9D9 /* Release */,
			);
			defaultConfigurationIsVisible = 0;
			defaultConfigurationName = Release;
		};
		6CF549FA14DA3EFA0061D9D9 /* Build configuration list for PBXNativeTarget "CustomClasses" */ = {
			isa = XCConfigurationList;
			buildConfigurations = (
				6CF549FB14DA3EFA0061D9D9 /* Debug */,
				6CF549FC14DA3EFA0061D9D9 /* Release */,
			);
			defaultConfigurationIsVisible = 0;
		};
/* End XCConfigurationList section */
	};
	rootObject = 6CF549E214DA3EFA0061D9D9 /* Project object */;
}
